[[package]]
name = "aiokafka"
version = "0.7.1"
description = "Kafka integration with asyncio."
category = "main"
optional = false
python-versions = "*"

[package.dependencies]
kafka-python = ">=2.0.0"

[package.extras]
snappy = ["python-snappy (>=0.5)"]

[[package]]
name = "aiomisc"
version = "14.1.0"
description = "aiomisc - miscellaneous utils for asyncio"
category = "main"
optional = false
python-versions = "*"

[package.dependencies]
colorlog = "*"

[package.extras]
aiohttp = ["aiohttp"]
asgi = ["aiohttp-asgi"]
carbon = ["aiocarbon (>=0.15,<1.0)"]
contextvars = ["contextvars (>=2.4,<3.0)"]
cron = ["croniter (>=0.3.34,<0.4.0)"]
develop = ["aiocontextvars (==0.2.2)", "aiohttp (<4)", "aiohttp-asgi", "async-generator", "async-timeout", "coverage (==4.5.1)", "coveralls", "croniter (>=0.3.34,<0.4.0)", "fastapi", "freezegun (<1.1)", "mypy (>=0.782,<1.0)", "pylava", "pytest", "pytest-cov (>=2.5.1,<2.6.0)", "pytest-freezegun (>=0.4.2,<0.5.0)", "sphinx (>=3.5.1)", "sphinx-autobuild", "sphinx-intl", "timeout-decorator", "tox (>=2.4)"]
raven = ["raven-aiohttp"]
uvloop = ["uvloop (>=0.14,<1)"]

[[package]]
name = "aiopg"
version = "1.2.1"
description = "Postgres integration with asyncio."
category = "main"
optional = false
python-versions = ">=3.6"

[package.dependencies]
async-timeout = ">=3.0,<4.0"
psycopg2-binary = ">=2.8.4"

[package.extras]
sa = ["sqlalchemy[postgresql_psycopg2binary] (>=1.1,<1.4)"]

[[package]]
name = "async-timeout"
version = "3.0.1"
description = "Timeout context manager for asyncio programs"
category = "main"
optional = false
python-versions = ">=3.5.3"

[[package]]
name = "cached-property"
version = "1.5.2"
description = "A decorator for caching properties in classes."
category = "main"
optional = false
python-versions = "*"

[[package]]
name = "cffi"
version = "1.14.5"
description = "Foreign Function Interface for Python calling C code."
category = "main"
optional = false
python-versions = "*"

[package.dependencies]
pycparser = "*"

[[package]]
name = "click"
version = "7.1.2"
description = "Composable command line interface toolkit"
category = "main"
optional = false
python-versions = ">=2.7, !=3.0.*, !=3.1.*, !=3.2.*, !=3.3.*, !=3.4.*"

[[package]]
name = "colorama"
version = "0.4.4"
description = "Cross-platform colored terminal text."
category = "main"
optional = false
python-versions = ">=2.7, !=3.0.*, !=3.1.*, !=3.2.*, !=3.3.*, !=3.4.*"

[[package]]
name = "colorlog"
version = "5.0.1"
description = "Add colours to the output of Python's logging module."
category = "main"
optional = false
python-versions = "*"

[package.dependencies]
colorama = {version = "*", markers = "sys_platform == \"win32\""}

[[package]]
name = "dependency-injector"
version = "4.33.0"
description = "Dependency injection framework for Python"
category = "main"
optional = false
python-versions = "*"

[package.dependencies]
six = ">=1.7.0,<=1.15.0"

[package.extras]
aiohttp = ["aiohttp"]
flask = ["flask"]
pydantic = ["pydantic"]
yaml = ["pyyaml"]

[[package]]
name = "fastavro"
version = "1.4.1"
description = "Fast read/write of AVRO files"
category = "main"
optional = false
python-versions = ">=3.6"

[package.extras]
codecs = ["python-snappy", "zstandard", "lz4"]
lz4 = ["lz4"]
snappy = ["python-snappy"]
zstandard = ["zstandard"]

[[package]]
name = "kafka-python"
version = "2.0.2"
description = "Pure Python client for Apache Kafka"
category = "main"
optional = false
python-versions = "*"

[package.extras]
crc32c = ["crc32c"]

[[package]]
name = "lmdb"
version = "1.2.1"
description = "Universal Python binding for the LMDB 'Lightning' Database"
category = "main"
optional = false
python-versions = "*"

[package.dependencies]
cffi = ">=0.8"

[[package]]
name = "minos-microservice-common"
version = "0.1.0"
description = "Python Package with common Classes and Utilities used in Minos Microservices."
category = "main"
optional = false
python-versions = "^3.9"
develop = false

[package.dependencies]
aiomisc = "^14.0.3"
aiopg = "^1.2.1"
cached-property = "^1.5.2"
dependency-injector = "^4.32.2"
fastavro = "^1.4.0"
lmdb = "^1.2.1"
orjson = "^3.5.2"
PyYAML = "^5.4.1"

[package.source]
type = "git"
url = "https://github.com/clariteia/minos_microservice_common.git"
reference = "e791de98483a1b393d6eb055b086cb62d67d07ec"
resolved_reference = "e791de98483a1b393d6eb055b086cb62d67d07ec"

[[package]]
name = "minos-microservice-networks"
version = "0.0.1"
description = "Python Package with the common network classes and utlities used in Minos Microservice"
category = "main"
optional = false
python-versions = ">=3.7"

[package.dependencies]
aiokafka = "*"
aiomisc = "*"
aiopg = "*"
minos-microservice-common = "*"

[[package]]
name = "minos-microservice-saga"
version = "0.0.1"
description = "Saga Library for MinOS project."
category = "main"
optional = false
python-versions = ">=3.7"

[package.dependencies]
minos-microservice-common = "*"

[[package]]
name = "orjson"
version = "3.5.3"
description = "Fast, correct Python JSON library supporting dataclasses, datetimes, and numpy"
category = "main"
optional = false
python-versions = ">=3.6"

[[package]]
name = "psycopg2-binary"
version = "2.9.1"
description = "psycopg2 - Python-PostgreSQL Database Adapter"
category = "main"
optional = false
python-versions = ">=3.6"

[[package]]
name = "pycparser"
version = "2.20"
description = "C parser in Python"
category = "main"
optional = false
python-versions = ">=2.7, !=3.0.*, !=3.1.*, !=3.2.*, !=3.3.*"

[[package]]
name = "pyyaml"
version = "5.4.1"
description = "YAML parser and emitter for Python"
category = "main"
optional = false
python-versions = ">=2.7, !=3.0.*, !=3.1.*, !=3.2.*, !=3.3.*, !=3.4.*, !=3.5.*"

[[package]]
name = "six"
version = "1.15.0"
description = "Python 2 and 3 compatibility utilities"
category = "main"
optional = false
python-versions = ">=2.7, !=3.0.*, !=3.1.*, !=3.2.*"

[[package]]
name = "typer"
version = "0.3.2"
description = "Typer, build great CLIs. Easy to code. Based on Python type hints."
category = "main"
optional = false
python-versions = ">=3.6"

[package.dependencies]
click = ">=7.1.1,<7.2.0"

[package.extras]
test = ["pytest-xdist (>=1.32.0,<2.0.0)", "pytest-sugar (>=0.9.4,<0.10.0)", "mypy (==0.782)", "black (>=19.10b0,<20.0b0)", "isort (>=5.0.6,<6.0.0)", "shellingham (>=1.3.0,<2.0.0)", "pytest (>=4.4.0,<5.4.0)", "pytest-cov (>=2.10.0,<3.0.0)", "coverage (>=5.2,<6.0)"]
all = ["colorama (>=0.4.3,<0.5.0)", "shellingham (>=1.3.0,<2.0.0)"]
dev = ["autoflake (>=1.3.1,<2.0.0)", "flake8 (>=3.8.3,<4.0.0)"]
doc = ["mkdocs (>=1.1.2,<2.0.0)", "mkdocs-material (>=5.4.0,<6.0.0)", "markdown-include (>=0.5.1,<0.6.0)"]

[metadata]
lock-version = "1.1"
python-versions = "^3.9"
content-hash = "f2bcd339f6743ec39d038abe8311f0ab898797fae4387755358107436d3faef1"

[metadata.files]
aiokafka = [
    {file = "aiokafka-0.7.1-cp36-cp36m-macosx_10_9_x86_64.whl", hash = "sha256:90a91155aeb28c872b74ecb3c9f671253db10cf23dc3af858bd9ed1630c0d1ae"},
    {file = "aiokafka-0.7.1-cp36-cp36m-manylinux1_i686.whl", hash = "sha256:02f67258a78e5d9d17470816ea879a653c5efecc0c6686e18d792fbd38e1f70c"},
    {file = "aiokafka-0.7.1-cp36-cp36m-manylinux1_x86_64.whl", hash = "sha256:dfd8d58f7418aabc07f1e8c1b904f478bf955919b743d4d44607dbf18a2c54b2"},
    {file = "aiokafka-0.7.1-cp36-cp36m-manylinux2010_i686.whl", hash = "sha256:8b5e71d6da8edf0f592080488b198af42fbe9778de077762e4452d574e694efa"},
    {file = "aiokafka-0.7.1-cp36-cp36m-manylinux2010_x86_64.whl", hash = "sha256:5fac6f1168c15b08f3fcb951347343a78d8c130292127d8a4e23466a5d2510f7"},
    {file = "aiokafka-0.7.1-cp36-cp36m-win32.whl", hash = "sha256:4cb2544ca8d5d5a4055c57fbb6c4ecfc82e6f3b670485c291b256c90d506acf3"},
    {file = "aiokafka-0.7.1-cp36-cp36m-win_amd64.whl", hash = "sha256:061799f1b8b005f950012a11948ff8a6ab48114eac91341acd8feec5430f0f31"},
    {file = "aiokafka-0.7.1-cp37-cp37m-macosx_10_9_x86_64.whl", hash = "sha256:b7390a9d9d03a2a3dbee0f8fa6735b008408e0f561a279b3df13e9758ab6d67f"},
    {file = "aiokafka-0.7.1-cp37-cp37m-manylinux1_i686.whl", hash = "sha256:e8276baed94281ef4548f19e039b9b4a8af79afee324bd259d8898638ca15da6"},
    {file = "aiokafka-0.7.1-cp37-cp37m-manylinux1_x86_64.whl", hash = "sha256:2294ba68ff87fdf6cf70a5603afb4020c4fc7a39053ccd8e6abdf0aa34ba1ca3"},
    {file = "aiokafka-0.7.1-cp37-cp37m-manylinux2010_i686.whl", hash = "sha256:edcf1cdcf9246edd5c4c1b649609a7ac5bfe4276da586aede470b73f9d00b809"},
    {file = "aiokafka-0.7.1-cp37-cp37m-manylinux2010_x86_64.whl", hash = "sha256:c70ed4b09e01d774d1821db30f6fbc6475a41224d0dc1488d018ef97610dc3da"},
    {file = "aiokafka-0.7.1-cp37-cp37m-win32.whl", hash = "sha256:2f1a2fcb5f0643527d77446437d27ed93ae94844c1b324e904a813acce675db8"},
    {file = "aiokafka-0.7.1-cp37-cp37m-win_amd64.whl", hash = "sha256:035d1fb4cb22273bb0a47f31040fabfd9b248f8026dd306dd50e7e69f005a71d"},
    {file = "aiokafka-0.7.1-cp38-cp38-macosx_10_9_x86_64.whl", hash = "sha256:120d3c477e7e9a53dd55f1a16b9c67e8a51cdc38e5e46fc25aae7d20f78519f2"},
    {file = "aiokafka-0.7.1-cp38-cp38-manylinux1_i686.whl", hash = "sha256:6e7d031b8bc08f9d9c4149c6afaedb650082309f01a3b79f0619814cc299fc4d"},
    {file = "aiokafka-0.7.1-cp38-cp38-manylinux1_x86_64.whl", hash = "sha256:49517e2309826c27eaff940384e90773d89c69da023907663cda7853a00fb9ee"},
    {file = "aiokafka-0.7.1-cp38-cp38-manylinux2010_i686.whl", hash = "sha256:95edb38631bf5dbb8cd65fecd8620e11a15534cd6dd22e0dc45488b4266b5452"},
    {file = "aiokafka-0.7.1-cp38-cp38-manylinux2010_x86_64.whl", hash = "sha256:09cef9cf579193b497d3c65644b71ba1523660b7677805d0efea6c3206e4e643"},
    {file = "aiokafka-0.7.1-cp38-cp38-win32.whl", hash = "sha256:47cda205e8fe16edf126c362a59071d0a4b74dd07bee6f070b26e5d2580cc37b"},
    {file = "aiokafka-0.7.1-cp38-cp38-win_amd64.whl", hash = "sha256:8ebb032a05a6696b25abbe5db677890adca9a3284d13e1975842009c1d7678dd"},
    {file = "aiokafka-0.7.1-cp39-cp39-macosx_10_9_x86_64.whl", hash = "sha256:45704e5a8c81e4db6333ab6315effc1b83feec1dfc2fc3a28e7c7600b0d80a23"},
    {file = "aiokafka-0.7.1-cp39-cp39-manylinux1_i686.whl", hash = "sha256:90a4cb54ae23ff55758a9ce8f3ba1ec67c6f2328f9197c3bacc61a24f812cf04"},
    {file = "aiokafka-0.7.1-cp39-cp39-manylinux1_x86_64.whl", hash = "sha256:567a3b856639bff36b8c74a92dfecd64ace8d07d755bb3ee6d5332273d2a8c6e"},
    {file = "aiokafka-0.7.1-cp39-cp39-manylinux2010_i686.whl", hash = "sha256:b19d00b16637d02cfcee3d5cfdbcfd497702c09ae1f63e194830798cd223f910"},
    {file = "aiokafka-0.7.1-cp39-cp39-manylinux2010_x86_64.whl", hash = "sha256:f3a2138649ca2427a91dfc0927ddd445a9a6aaf9a9b0972d683cb230923f821f"},
    {file = "aiokafka-0.7.1-cp39-cp39-win32.whl", hash = "sha256:02156dee5156a0c5283d45df0f0e8aa516ec7f3d966d7dfeb35f8ada7c8f8557"},
    {file = "aiokafka-0.7.1-cp39-cp39-win_amd64.whl", hash = "sha256:4c463265252236b7759920998862b56bad3d6eedfdfd3fce0774ad99bb2c4877"},
    {file = "aiokafka-0.7.1.tar.gz", hash = "sha256:b5a6fb1cfd77eac4b397ef5af3765d1d881c86b157137b12ca4f12aef1db433c"},
]
aiomisc = [
    {file = "aiomisc-14.1.0-py3-none-any.whl", hash = "sha256:886223a4cfb469224b27ef6a1503966ffbe2f22b322be1595874fe9e22ffc09d"},
    {file = "aiomisc-14.1.0.tar.gz", hash = "sha256:6ad99346dbe98c995ba76e9c50dffe492c6dffd383653b20593b44601c89ea7a"},
]
aiopg = [
    {file = "aiopg-1.2.1-py3-none-any.whl", hash = "sha256:736776982f49defe85351687abf745fc49184749eb9d245ab08ce52e0d26c3b7"},
    {file = "aiopg-1.2.1.tar.gz", hash = "sha256:e841da17e56b42de7565890df1a0da247aca4cd6185927be2f7ebb2505a01e92"},
]
async-timeout = [
    {file = "async-timeout-3.0.1.tar.gz", hash = "sha256:0c3c816a028d47f659d6ff5c745cb2acf1f966da1fe5c19c77a70282b25f4c5f"},
    {file = "async_timeout-3.0.1-py3-none-any.whl", hash = "sha256:4291ca197d287d274d0b6cb5d6f8f8f82d434ed288f962539ff18cc9012f9ea3"},
]
cached-property = [
    {file = "cached-property-1.5.2.tar.gz", hash = "sha256:9fa5755838eecbb2d234c3aa390bd80fbd3ac6b6869109bfc1b499f7bd89a130"},
    {file = "cached_property-1.5.2-py2.py3-none-any.whl", hash = "sha256:df4f613cf7ad9a588cc381aaf4a512d26265ecebd5eb9e1ba12f1319eb85a6a0"},
]
cffi = [
    {file = "cffi-1.14.5-cp27-cp27m-macosx_10_9_x86_64.whl", hash = "sha256:bb89f306e5da99f4d922728ddcd6f7fcebb3241fc40edebcb7284d7514741991"},
    {file = "cffi-1.14.5-cp27-cp27m-manylinux1_i686.whl", hash = "sha256:34eff4b97f3d982fb93e2831e6750127d1355a923ebaeeb565407b3d2f8d41a1"},
    {file = "cffi-1.14.5-cp27-cp27m-manylinux1_x86_64.whl", hash = "sha256:99cd03ae7988a93dd00bcd9d0b75e1f6c426063d6f03d2f90b89e29b25b82dfa"},
    {file = "cffi-1.14.5-cp27-cp27m-win32.whl", hash = "sha256:65fa59693c62cf06e45ddbb822165394a288edce9e276647f0046e1ec26920f3"},
    {file = "cffi-1.14.5-cp27-cp27m-win_amd64.whl", hash = "sha256:51182f8927c5af975fece87b1b369f722c570fe169f9880764b1ee3bca8347b5"},
    {file = "cffi-1.14.5-cp27-cp27mu-manylinux1_i686.whl", hash = "sha256:43e0b9d9e2c9e5d152946b9c5fe062c151614b262fda2e7b201204de0b99e482"},
    {file = "cffi-1.14.5-cp27-cp27mu-manylinux1_x86_64.whl", hash = "sha256:cbde590d4faaa07c72bf979734738f328d239913ba3e043b1e98fe9a39f8b2b6"},
    {file = "cffi-1.14.5-cp35-cp35m-macosx_10_9_x86_64.whl", hash = "sha256:5de7970188bb46b7bf9858eb6890aad302577a5f6f75091fd7cdd3ef13ef3045"},
    {file = "cffi-1.14.5-cp35-cp35m-manylinux1_i686.whl", hash = "sha256:a465da611f6fa124963b91bf432d960a555563efe4ed1cc403ba5077b15370aa"},
    {file = "cffi-1.14.5-cp35-cp35m-manylinux1_x86_64.whl", hash = "sha256:d42b11d692e11b6634f7613ad8df5d6d5f8875f5d48939520d351007b3c13406"},
    {file = "cffi-1.14.5-cp35-cp35m-win32.whl", hash = "sha256:72d8d3ef52c208ee1c7b2e341f7d71c6fd3157138abf1a95166e6165dd5d4369"},
    {file = "cffi-1.14.5-cp35-cp35m-win_amd64.whl", hash = "sha256:29314480e958fd8aab22e4a58b355b629c59bf5f2ac2492b61e3dc06d8c7a315"},
    {file = "cffi-1.14.5-cp36-cp36m-macosx_10_9_x86_64.whl", hash = "sha256:3d3dd4c9e559eb172ecf00a2a7517e97d1e96de2a5e610bd9b68cea3925b4892"},
    {file = "cffi-1.14.5-cp36-cp36m-manylinux1_i686.whl", hash = "sha256:48e1c69bbacfc3d932221851b39d49e81567a4d4aac3b21258d9c24578280058"},
    {file = "cffi-1.14.5-cp36-cp36m-manylinux1_x86_64.whl", hash = "sha256:69e395c24fc60aad6bb4fa7e583698ea6cc684648e1ffb7fe85e3c1ca131a7d5"},
    {file = "cffi-1.14.5-cp36-cp36m-manylinux2014_aarch64.whl", hash = "sha256:9e93e79c2551ff263400e1e4be085a1210e12073a31c2011dbbda14bda0c6132"},
    {file = "cffi-1.14.5-cp36-cp36m-manylinux_2_17_aarch64.manylinux2014_aarch64.whl", hash = "sha256:24ec4ff2c5c0c8f9c6b87d5bb53555bf267e1e6f70e52e5a9740d32861d36b6f"},
    {file = "cffi-1.14.5-cp36-cp36m-manylinux_2_17_ppc64le.manylinux2014_ppc64le.whl", hash = "sha256:3c3f39fa737542161d8b0d680df2ec249334cd70a8f420f71c9304bd83c3cbed"},
    {file = "cffi-1.14.5-cp36-cp36m-manylinux_2_17_s390x.manylinux2014_s390x.whl", hash = "sha256:681d07b0d1e3c462dd15585ef5e33cb021321588bebd910124ef4f4fb71aef55"},
    {file = "cffi-1.14.5-cp36-cp36m-win32.whl", hash = "sha256:58e3f59d583d413809d60779492342801d6e82fefb89c86a38e040c16883be53"},
    {file = "cffi-1.14.5-cp36-cp36m-win_amd64.whl", hash = "sha256:005a36f41773e148deac64b08f233873a4d0c18b053d37da83f6af4d9087b813"},
    {file = "cffi-1.14.5-cp37-cp37m-macosx_10_9_x86_64.whl", hash = "sha256:2894f2df484ff56d717bead0a5c2abb6b9d2bf26d6960c4604d5c48bbc30ee73"},
    {file = "cffi-1.14.5-cp37-cp37m-manylinux1_i686.whl", hash = "sha256:0857f0ae312d855239a55c81ef453ee8fd24136eaba8e87a2eceba644c0d4c06"},
    {file = "cffi-1.14.5-cp37-cp37m-manylinux1_x86_64.whl", hash = "sha256:cd2868886d547469123fadc46eac7ea5253ea7fcb139f12e1dfc2bbd406427d1"},
    {file = "cffi-1.14.5-cp37-cp37m-manylinux2014_aarch64.whl", hash = "sha256:35f27e6eb43380fa080dccf676dece30bef72e4a67617ffda586641cd4508d49"},
    {file = "cffi-1.14.5-cp37-cp37m-manylinux_2_17_aarch64.manylinux2014_aarch64.whl", hash = "sha256:06d7cd1abac2ffd92e65c0609661866709b4b2d82dd15f611e602b9b188b0b69"},
    {file = "cffi-1.14.5-cp37-cp37m-manylinux_2_17_ppc64le.manylinux2014_ppc64le.whl", hash = "sha256:0f861a89e0043afec2a51fd177a567005847973be86f709bbb044d7f42fc4e05"},
    {file = "cffi-1.14.5-cp37-cp37m-manylinux_2_17_s390x.manylinux2014_s390x.whl", hash = "sha256:cc5a8e069b9ebfa22e26d0e6b97d6f9781302fe7f4f2b8776c3e1daea35f1adc"},
    {file = "cffi-1.14.5-cp37-cp37m-win32.whl", hash = "sha256:9ff227395193126d82e60319a673a037d5de84633f11279e336f9c0f189ecc62"},
    {file = "cffi-1.14.5-cp37-cp37m-win_amd64.whl", hash = "sha256:9cf8022fb8d07a97c178b02327b284521c7708d7c71a9c9c355c178ac4bbd3d4"},
    {file = "cffi-1.14.5-cp38-cp38-macosx_10_9_x86_64.whl", hash = "sha256:8b198cec6c72df5289c05b05b8b0969819783f9418e0409865dac47288d2a053"},
    {file = "cffi-1.14.5-cp38-cp38-manylinux1_i686.whl", hash = "sha256:ad17025d226ee5beec591b52800c11680fca3df50b8b29fe51d882576e039ee0"},
    {file = "cffi-1.14.5-cp38-cp38-manylinux1_x86_64.whl", hash = "sha256:6c97d7350133666fbb5cf4abdc1178c812cb205dc6f41d174a7b0f18fb93337e"},
    {file = "cffi-1.14.5-cp38-cp38-manylinux2014_aarch64.whl", hash = "sha256:8ae6299f6c68de06f136f1f9e69458eae58f1dacf10af5c17353eae03aa0d827"},
    {file = "cffi-1.14.5-cp38-cp38-manylinux_2_17_aarch64.manylinux2014_aarch64.whl", hash = "sha256:04c468b622ed31d408fea2346bec5bbffba2cc44226302a0de1ade9f5ea3d373"},
    {file = "cffi-1.14.5-cp38-cp38-manylinux_2_17_ppc64le.manylinux2014_ppc64le.whl", hash = "sha256:06db6321b7a68b2bd6df96d08a5adadc1fa0e8f419226e25b2a5fbf6ccc7350f"},
    {file = "cffi-1.14.5-cp38-cp38-manylinux_2_17_s390x.manylinux2014_s390x.whl", hash = "sha256:293e7ea41280cb28c6fcaaa0b1aa1f533b8ce060b9e701d78511e1e6c4a1de76"},
    {file = "cffi-1.14.5-cp38-cp38-win32.whl", hash = "sha256:b85eb46a81787c50650f2392b9b4ef23e1f126313b9e0e9013b35c15e4288e2e"},
    {file = "cffi-1.14.5-cp38-cp38-win_amd64.whl", hash = "sha256:1f436816fc868b098b0d63b8920de7d208c90a67212546d02f84fe78a9c26396"},
    {file = "cffi-1.14.5-cp39-cp39-macosx_10_9_x86_64.whl", hash = "sha256:1071534bbbf8cbb31b498d5d9db0f274f2f7a865adca4ae429e147ba40f73dea"},
    {file = "cffi-1.14.5-cp39-cp39-manylinux1_i686.whl", hash = "sha256:9de2e279153a443c656f2defd67769e6d1e4163952b3c622dcea5b08a6405322"},
    {file = "cffi-1.14.5-cp39-cp39-manylinux1_x86_64.whl", hash = "sha256:6e4714cc64f474e4d6e37cfff31a814b509a35cb17de4fb1999907575684479c"},
    {file = "cffi-1.14.5-cp39-cp39-manylinux2014_aarch64.whl", hash = "sha256:158d0d15119b4b7ff6b926536763dc0714313aa59e320ddf787502c70c4d4bee"},
    {file = "cffi-1.14.5-cp39-cp39-manylinux_2_17_aarch64.manylinux2014_aarch64.whl", hash = "sha256:1bf1ac1984eaa7675ca8d5745a8cb87ef7abecb5592178406e55858d411eadc0"},
    {file = "cffi-1.14.5-cp39-cp39-manylinux_2_17_ppc64le.manylinux2014_ppc64le.whl", hash = "sha256:df5052c5d867c1ea0b311fb7c3cd28b19df469c056f7fdcfe88c7473aa63e333"},
    {file = "cffi-1.14.5-cp39-cp39-manylinux_2_17_s390x.manylinux2014_s390x.whl", hash = "sha256:24a570cd11895b60829e941f2613a4f79df1a27344cbbb82164ef2e0116f09c7"},
    {file = "cffi-1.14.5-cp39-cp39-win32.whl", hash = "sha256:afb29c1ba2e5a3736f1c301d9d0abe3ec8b86957d04ddfa9d7a6a42b9367e396"},
    {file = "cffi-1.14.5-cp39-cp39-win_amd64.whl", hash = "sha256:f2d45f97ab6bb54753eab54fffe75aaf3de4ff2341c9daee1987ee1837636f1d"},
    {file = "cffi-1.14.5.tar.gz", hash = "sha256:fd78e5fee591709f32ef6edb9a015b4aa1a5022598e36227500c8f4e02328d9c"},
]
click = [
    {file = "click-7.1.2-py2.py3-none-any.whl", hash = "sha256:dacca89f4bfadd5de3d7489b7c8a566eee0d3676333fbb50030263894c38c0dc"},
    {file = "click-7.1.2.tar.gz", hash = "sha256:d2b5255c7c6349bc1bd1e59e08cd12acbbd63ce649f2588755783aa94dfb6b1a"},
]
colorama = [
    {file = "colorama-0.4.4-py2.py3-none-any.whl", hash = "sha256:9f47eda37229f68eee03b24b9748937c7dc3868f906e8ba69fbcbdd3bc5dc3e2"},
    {file = "colorama-0.4.4.tar.gz", hash = "sha256:5941b2b48a20143d2267e95b1c2a7603ce057ee39fd88e7329b0c292aa16869b"},
]
colorlog = [
    {file = "colorlog-5.0.1-py2.py3-none-any.whl", hash = "sha256:4e6be13d9169254e2ded6526a6a4a1abb8ac564f2fa65b310a98e4ca5bea2c04"},
    {file = "colorlog-5.0.1.tar.gz", hash = "sha256:f17c013a06962b02f4449ee07cfdbe6b287df29efc2c9a1515b4a376f4e588ea"},
]
dependency-injector = [
    {file = "dependency-injector-4.33.0.tar.gz", hash = "sha256:c8e72e57ed5bf2fd7b1c06b1582332c9778a606a2dc99913806d05953044d3f5"},
    {file = "dependency_injector-4.33.0-cp27-cp27m-macosx_10_9_x86_64.whl", hash = "sha256:00c80981b48466671ffd2169d49f9984cda45121a05318633773d7b1492ce419"},
    {file = "dependency_injector-4.33.0-cp27-cp27m-manylinux1_i686.whl", hash = "sha256:6d29d115d6649ca34005c509b5d6ae2c8be7e7c5e1796b9700c12fd2f83b4614"},
    {file = "dependency_injector-4.33.0-cp27-cp27m-manylinux1_x86_64.whl", hash = "sha256:dd732444148e0de587fb0daf657c0add6a47525d99db1778abff1da30310b789"},
    {file = "dependency_injector-4.33.0-cp27-cp27m-manylinux2010_i686.whl", hash = "sha256:e257fd147ede7679dfdc9054170631b012adfb04c05c80f64b5db25f4947f46f"},
    {file = "dependency_injector-4.33.0-cp27-cp27m-manylinux2010_x86_64.whl", hash = "sha256:87453f2c68b17d61ec779e95610bea6dbb5ff85a1cae5b8be7b12ce1f9977b18"},
    {file = "dependency_injector-4.33.0-cp27-cp27mu-manylinux1_i686.whl", hash = "sha256:cb8955bfd4fd3d958fe4c0c69e56da6955af5a91f6c119a622fcd9c7702843b0"},
    {file = "dependency_injector-4.33.0-cp27-cp27mu-manylinux1_x86_64.whl", hash = "sha256:77ae93f66d9ddd79b83b588333852f79a97dfb3dff43f8947bdb583cff928c9a"},
    {file = "dependency_injector-4.33.0-cp27-cp27mu-manylinux2010_i686.whl", hash = "sha256:508c32db055a3b3d54145248e9b1f972c7a375715e66c6b7d3aed63d931ae05c"},
    {file = "dependency_injector-4.33.0-cp27-cp27mu-manylinux2010_x86_64.whl", hash = "sha256:bee530f676f9688266da0ffc3591cbebafb260d8188615155bab0036ed9582bb"},
    {file = "dependency_injector-4.33.0-cp35-cp35m-macosx_10_9_x86_64.whl", hash = "sha256:2f2b0204ce59307df1df75a06430946fd604d962d3c6f075119bb176e0fe0cf4"},
    {file = "dependency_injector-4.33.0-cp35-cp35m-manylinux1_i686.whl", hash = "sha256:83cec7f7843c75b50deb84955fbaf5860445fc3224b6cf01bf127f71504b8e0f"},
    {file = "dependency_injector-4.33.0-cp35-cp35m-manylinux1_x86_64.whl", hash = "sha256:e448d2ea7f4acdf229ed87a84abaaba5a550e8ae19cd9a40d15432c06d4a8707"},
    {file = "dependency_injector-4.33.0-cp35-cp35m-manylinux2010_i686.whl", hash = "sha256:af4126712c6e1c35fa25f6778047b26694750a3985408b67558d637eb72e422b"},
    {file = "dependency_injector-4.33.0-cp35-cp35m-manylinux2010_x86_64.whl", hash = "sha256:9c86d6ee3b0f071697110fdf453a96e592620bc4640d69e729b48c8f050bde62"},
    {file = "dependency_injector-4.33.0-cp35-cp35m-manylinux2014_aarch64.whl", hash = "sha256:344d7d63a155ba4fca5d05302389fdbe35dc1c5096ea68df25fb0eeae0ee46a6"},
    {file = "dependency_injector-4.33.0-cp35-cp35m-win32.whl", hash = "sha256:d24a29bdd5705ab4d79004508d45e5e84bc1d9e09d0196eda4ba66258cac8860"},
    {file = "dependency_injector-4.33.0-cp35-cp35m-win_amd64.whl", hash = "sha256:b5f0c967febe8738fe62bfb9ca5d01efc0f5e9ff2bee06e80b28684e671fb233"},
    {file = "dependency_injector-4.33.0-cp36-cp36m-macosx_10_9_x86_64.whl", hash = "sha256:bd1f9261cf9ede14054c14fa43956a0438d708f312d347a5c9dcb4e147690fa9"},
    {file = "dependency_injector-4.33.0-cp36-cp36m-manylinux1_i686.whl", hash = "sha256:bf164d0bc6b9fd30ba9907e76013520ae0ba7b4a48425912acb24cb5ba81e19c"},
    {file = "dependency_injector-4.33.0-cp36-cp36m-manylinux1_x86_64.whl", hash = "sha256:10d8561d4c373eb8fdd605777ea7289cdf2379b4dfb24acb579b0ba920abe8a4"},
    {file = "dependency_injector-4.33.0-cp36-cp36m-manylinux2010_i686.whl", hash = "sha256:9a574f9f2f55d3a52707514572172477ccdd926669ab479af61d07071d2d73fa"},
    {file = "dependency_injector-4.33.0-cp36-cp36m-manylinux2010_x86_64.whl", hash = "sha256:2399202782f0761e5f2ef2c2e0ba443fd81d5654e740eb42783d7dc1bf007de7"},
    {file = "dependency_injector-4.33.0-cp36-cp36m-manylinux2014_aarch64.whl", hash = "sha256:cd52478b907a328204cb2796fb61f44a821910f80c932321334b1a611b125d64"},
    {file = "dependency_injector-4.33.0-cp36-cp36m-win32.whl", hash = "sha256:ac36bc582c889e7ab5099f303a031be943342e3c2712acd35d6cdf8ef2c794e6"},
    {file = "dependency_injector-4.33.0-cp36-cp36m-win_amd64.whl", hash = "sha256:b8ea9e80f69c87146566c5c9322f5d0260e4b56f27f2a5095a669bb28cd16535"},
    {file = "dependency_injector-4.33.0-cp37-cp37m-macosx_10_9_x86_64.whl", hash = "sha256:c93c22c3fe08c26fa257f39c040aab7bae9fb336463ea4c4e1376c097bae3126"},
    {file = "dependency_injector-4.33.0-cp37-cp37m-manylinux1_i686.whl", hash = "sha256:b7293c47dcaa8eceba0877d5d0f7bb580cf26605771a78dcfbf9d82ec14aed88"},
    {file = "dependency_injector-4.33.0-cp37-cp37m-manylinux1_x86_64.whl", hash = "sha256:8ee94051d8ca06dba2cf0d082cb93c3a1ed090aa08a0b6c972841bb43d37fd04"},
    {file = "dependency_injector-4.33.0-cp37-cp37m-manylinux2010_i686.whl", hash = "sha256:b800977a7f3251ed21c86ae739a5eca5e6478175d5d1577db25ab4daa3adb0e7"},
    {file = "dependency_injector-4.33.0-cp37-cp37m-manylinux2010_x86_64.whl", hash = "sha256:4aaaf0473fc12ecd6985ba32fc335f8c17ed6529170811afaa170db7c8cce848"},
    {file = "dependency_injector-4.33.0-cp37-cp37m-manylinux2014_aarch64.whl", hash = "sha256:09d3c86dda93762168b0b4431c009c31bbac728ceb26e900436cafdb59bbbf4e"},
    {file = "dependency_injector-4.33.0-cp37-cp37m-win32.whl", hash = "sha256:b8e16dbfdec34ddef0d36dcb4a8cf433c9316d67e2c78fe8e809fa1c6d473da6"},
    {file = "dependency_injector-4.33.0-cp37-cp37m-win_amd64.whl", hash = "sha256:45be3105ae1eac201f794b8b409898efcf9e4432fee8b05bdc40a2de1e1dfc1e"},
    {file = "dependency_injector-4.33.0-cp38-cp38-macosx_10_9_x86_64.whl", hash = "sha256:f36b05eb68f004ab75d2c129126b612db3e1baa5406dfd56f6d3b111dd89315f"},
    {file = "dependency_injector-4.33.0-cp38-cp38-manylinux1_i686.whl", hash = "sha256:ae41ec58355518f8d91b8b7f6f6ccdf9d2715ebb3dec7bfe4453564272a19d4a"},
    {file = "dependency_injector-4.33.0-cp38-cp38-manylinux1_x86_64.whl", hash = "sha256:22020383ac01e99c02729082ec821af6a7b906d469cf5ae90810168644d5074f"},
    {file = "dependency_injector-4.33.0-cp38-cp38-manylinux2010_i686.whl", hash = "sha256:8fcdaac26e96a3e0609f40516d9f87b375a73b92b9eed159f133511da26b38b5"},
    {file = "dependency_injector-4.33.0-cp38-cp38-manylinux2010_x86_64.whl", hash = "sha256:56f7b142b502a3bca80a3bc05c0de05324ec632f7ec54ecd46baeb8877b2270f"},
    {file = "dependency_injector-4.33.0-cp38-cp38-manylinux2014_aarch64.whl", hash = "sha256:f24728eecf994228ce56134a247219df5913dd12abe537f845347830f2930a85"},
    {file = "dependency_injector-4.33.0-cp38-cp38-win32.whl", hash = "sha256:5f729f98cbd1275efaf218e3b8941c3f96bb2822e9cb92a7fc7d03f17219b62e"},
    {file = "dependency_injector-4.33.0-cp38-cp38-win_amd64.whl", hash = "sha256:79899dc8182222f9d125cc19ece3ef705cd2ae55174d945e6f4f631b7e18022a"},
    {file = "dependency_injector-4.33.0-cp39-cp39-macosx_10_9_x86_64.whl", hash = "sha256:e522662672ee5dc323c8efc77736d3032c78e947249c9884ca1ecbc47e3e1c57"},
    {file = "dependency_injector-4.33.0-cp39-cp39-manylinux1_i686.whl", hash = "sha256:f082abebdb52a8b598bbd6b37f3baafc091ee436a10ca671ce64074aa0353572"},
    {file = "dependency_injector-4.33.0-cp39-cp39-manylinux1_x86_64.whl", hash = "sha256:96e439676e093e2796239ca7c7ab09464affff337748e5f367174bea41837477"},
    {file = "dependency_injector-4.33.0-cp39-cp39-manylinux2010_i686.whl", hash = "sha256:2d7c5b6b5e30ab4af5e86255cdf3b7767d6c4212c49e3f45243d174b21f5ce26"},
    {file = "dependency_injector-4.33.0-cp39-cp39-manylinux2010_x86_64.whl", hash = "sha256:7f1f97ff853ca9a48fece86427584145766cd14d2d7b68efda63138e0f21cd2d"},
    {file = "dependency_injector-4.33.0-cp39-cp39-manylinux2014_aarch64.whl", hash = "sha256:53a4e3990796c1044a3d16d346e5fb260da207c4388ede483ac39d28a8014377"},
    {file = "dependency_injector-4.33.0-cp39-cp39-win32.whl", hash = "sha256:0935347e94bf3d790a513bce9cf064322ba8412710763da563b4bb257ed0f358"},
    {file = "dependency_injector-4.33.0-cp39-cp39-win_amd64.whl", hash = "sha256:d1dbb73f232a9781f4ad27efca678050ffe62562147b6eaae4a37e669705f586"},
    {file = "dependency_injector-4.33.0-pp27-pypy_73-macosx_10_9_x86_64.whl", hash = "sha256:9a3bcd90844056fc40907286c1c2eb0ae7d7d4c3b5cc8f4993a00f87394d7b73"},
    {file = "dependency_injector-4.33.0-pp27-pypy_73-manylinux1_x86_64.whl", hash = "sha256:64f908709519d5b74291399f64f69cad632ca10a0dc38f7dbdae2f9b402d5a10"},
    {file = "dependency_injector-4.33.0-pp27-pypy_73-manylinux2010_x86_64.whl", hash = "sha256:097adf3147f0d0fdef35f65f5371bf4c1b618ec43495f273e55f89e2350f55c4"},
    {file = "dependency_injector-4.33.0-pp27-pypy_73-win32.whl", hash = "sha256:3b67b03766d4377275850b147ad17976a4c4e2e61d19448b3f8003507252b210"},
    {file = "dependency_injector-4.33.0-pp36-pypy36_pp73-macosx_10_9_x86_64.whl", hash = "sha256:73d3651ba13d3b952617785cff8127612555cba54d0635d40d239f3906d3f860"},
    {file = "dependency_injector-4.33.0-pp36-pypy36_pp73-manylinux1_x86_64.whl", hash = "sha256:d3617e10338a4dfb743506b7420825b2fcc3a1e83161023e091fabeba6a383fd"},
    {file = "dependency_injector-4.33.0-pp36-pypy36_pp73-manylinux2010_x86_64.whl", hash = "sha256:a3f82aa2d249658c023b35e4b65e084d8881e34535e1c8b21ab1609c2ef562d6"},
    {file = "dependency_injector-4.33.0-pp36-pypy36_pp73-win32.whl", hash = "sha256:7079e5aceb2521697a71383489224d28a7fefbcdd18a76abfee2f79c514b5e5e"},
    {file = "dependency_injector-4.33.0-pp37-pypy37_pp73-macosx_10_9_x86_64.whl", hash = "sha256:64c883abaa69440b339df000a0eab2877c813ceb0c59b9e07a283df6347d137d"},
    {file = "dependency_injector-4.33.0-pp37-pypy37_pp73-manylinux1_x86_64.whl", hash = "sha256:0d8d67d8092af0ecf7b35fa4707b53013b0d7051edec6b29c357c5d90edc5f00"},
    {file = "dependency_injector-4.33.0-pp37-pypy37_pp73-manylinux2010_x86_64.whl", hash = "sha256:004630b66b2059ac2577bc0a12409a0ff8c6b786c2e9717ad38a49aba628c5cc"},
    {file = "dependency_injector-4.33.0-pp37-pypy37_pp73-win32.whl", hash = "sha256:8b4c81b16bb455f8486068725bb714d389ff9430a2f6dd555a2f9e053ed1da36"},
]
fastavro = [
    {file = "fastavro-1.4.1-cp36-cp36m-macosx_10_14_x86_64.whl", hash = "sha256:3f99237de0f853f083a0f9929f54155b408a5c4b04fcfa8c59e589aa853f2111"},
    {file = "fastavro-1.4.1-cp36-cp36m-manylinux_2_17_aarch64.manylinux2014_aarch64.whl", hash = "sha256:18ed93c24ba96ed0e6cacf50170805188cc53a5e50c40fc94316387a98aa497b"},
    {file = "fastavro-1.4.1-cp36-cp36m-manylinux_2_17_x86_64.manylinux2014_x86_64.whl", hash = "sha256:c298d2b2389049dfc6a06326a0a2f9809c7045e8cadb82b9e7e948fd32270547"},
    {file = "fastavro-1.4.1-cp36-cp36m-win_amd64.whl", hash = "sha256:948e69da16f4bf20bea65805ea210d793eae55f5f24f8be2c4d18c2a773aaf7b"},
    {file = "fastavro-1.4.1-cp37-cp37m-macosx_10_14_x86_64.whl", hash = "sha256:a4b6c2b2d126bf6246bead79cba43e17f07a1b99a25ccceb315c6e75ab7c9d39"},
    {file = "fastavro-1.4.1-cp37-cp37m-manylinux_2_17_x86_64.manylinux2014_x86_64.whl", hash = "sha256:453676a26e99f2f3af7f57c4236ceeee4e453ab7b9bd5f09e9c89bad5e572c78"},
    {file = "fastavro-1.4.1-cp37-cp37m-win_amd64.whl", hash = "sha256:5bd8a134daff2ea5ef0d72a528ca42dfe6c01deac7103dedf77d1a55936a981e"},
    {file = "fastavro-1.4.1-cp38-cp38-macosx_10_14_x86_64.whl", hash = "sha256:a8c5df1aa6c29409bbfe571504e87bf23553c88083a83febb42a74ec0cabe2ba"},
    {file = "fastavro-1.4.1-cp38-cp38-manylinux_2_17_x86_64.manylinux2014_x86_64.whl", hash = "sha256:741cd757b7789e6ab821a1de02c1e18dfada417e1cfccae3f20dc2aadd6654fc"},
    {file = "fastavro-1.4.1-cp38-cp38-win_amd64.whl", hash = "sha256:6d7d4032ecb28bef3dd41e8c91c986df351e3323f526c901d1cbb53425617756"},
    {file = "fastavro-1.4.1-cp39-cp39-macosx_10_14_x86_64.whl", hash = "sha256:72c81690cef6ed9c87a146eaf9f608150bf78fd537a7e796780381b4a7baabb8"},
    {file = "fastavro-1.4.1-cp39-cp39-manylinux_2_17_x86_64.manylinux2014_x86_64.whl", hash = "sha256:cad3ecbac1fe1d319c617ff01104639795020cb72faf7e30ebe802c1d60ec915"},
    {file = "fastavro-1.4.1-cp39-cp39-win_amd64.whl", hash = "sha256:3e804c4fc9875314aa41901055941b199f87aeb1c880cc6fe3ad258fa08b24c6"},
    {file = "fastavro-1.4.1.tar.gz", hash = "sha256:237a741668316a2aadb14ba0532666a305dd14b4043aace89bcb0c6419c08162"},
]
kafka-python = [
    {file = "kafka-python-2.0.2.tar.gz", hash = "sha256:04dfe7fea2b63726cd6f3e79a2d86e709d608d74406638c5da33a01d45a9d7e3"},
    {file = "kafka_python-2.0.2-py2.py3-none-any.whl", hash = "sha256:2d92418c7cb1c298fa6c7f0fb3519b520d0d7526ac6cb7ae2a4fc65a51a94b6e"},
]
lmdb = [
    {file = "lmdb-1.2.1-cp27-cp27m-macosx_10_14_x86_64.whl", hash = "sha256:b82b6aa214b76a1887038ff41c9693091f036ea94573244c369e724691ef244a"},
    {file = "lmdb-1.2.1-cp27-cp27m-win_amd64.whl", hash = "sha256:2339775216c4b7e3c069c783e83e9ce411c2a47d92fd0e892e6c1fc3d2133f2e"},
    {file = "lmdb-1.2.1-cp35-cp35m-macosx_10_14_x86_64.whl", hash = "sha256:f57cac501dc7ad64ef1d591111d66831a90372bcc8ca99f3cb31fc0f31327845"},
    {file = "lmdb-1.2.1-cp35-cp35m-manylinux2010_x86_64.whl", hash = "sha256:ede038cfede40a8993a6d4d60766e2b30a7c221bb8c135f081f821195314847a"},
    {file = "lmdb-1.2.1-cp35-cp35m-win_amd64.whl", hash = "sha256:fc69ccd16490ed00bbf4dc763f6608359b24d05b36c6be5614a603c40c5c65da"},
    {file = "lmdb-1.2.1-cp36-cp36m-macosx_10_14_x86_64.whl", hash = "sha256:fae3bb48c9e0c9e24826ddf4235a870c13d879716fe93ac0ebb74ddb27781fa0"},
    {file = "lmdb-1.2.1-cp36-cp36m-manylinux2010_x86_64.whl", hash = "sha256:69c39615c836cb9623d4d9de020e7ffcf1379eb09bd6e9ead06dc20076b95302"},
    {file = "lmdb-1.2.1-cp36-cp36m-win_amd64.whl", hash = "sha256:19f1f6d6cda5d68fc6a9bb89fe9b756efa2d9b4a67fe40bba6c6c64ea6bf8214"},
    {file = "lmdb-1.2.1-cp37-cp37m-macosx_10_14_x86_64.whl", hash = "sha256:dbdab589468a948bd0a38b9b88550fbdde72cf4e1f6cdbe71f7c7d5583be8b11"},
    {file = "lmdb-1.2.1-cp37-cp37m-manylinux2010_x86_64.whl", hash = "sha256:029557e196abff74bce07f345716d903f5a8b89ce3e33cd2355be5832769b612"},
    {file = "lmdb-1.2.1-cp37-cp37m-win_amd64.whl", hash = "sha256:e7e9a4d33fe66d7c748c05731d6ba82855fb68d726d5d8f90fb5c70d99089b02"},
    {file = "lmdb-1.2.1-cp38-cp38-macosx_10_14_x86_64.whl", hash = "sha256:afde819615b133f44267b1df02c6bd69afe084589e685345c1a0f4b76eced80b"},
    {file = "lmdb-1.2.1-cp38-cp38-manylinux2010_x86_64.whl", hash = "sha256:ca09603a8cb3df32bff752aacd390d2c5542ecd1a9b6cf91091d25bd63df844a"},
    {file = "lmdb-1.2.1-cp38-cp38-win_amd64.whl", hash = "sha256:a4602435c80bc61950bb674b3627539ebee7b83c4c309db1e78d80e56b0c5b4a"},
    {file = "lmdb-1.2.1-cp39-cp39-macosx_10_14_x86_64.whl", hash = "sha256:49623b966ac9c8b6560c73b2a5a06ae421edc01064ca32489ac2fde2b4060535"},
    {file = "lmdb-1.2.1-cp39-cp39-manylinux2010_x86_64.whl", hash = "sha256:7abb0b9be8e7ce39184338bdcdc8f9743c7856018014347e27d221f923bcd42c"},
    {file = "lmdb-1.2.1-cp39-cp39-win_amd64.whl", hash = "sha256:eaac3e8d5273acfea547a3414eb7dea72324e59d003ae792769522f9b62c47b2"},
    {file = "lmdb-1.2.1-pp27-pypy_73-macosx_10_7_x86_64.whl", hash = "sha256:d39d6d21c342066d343bbbf651a50b943a6133f0163c9ddad8b70bab24f390f5"},
    {file = "lmdb-1.2.1-pp27-pypy_73-win32.whl", hash = "sha256:ba652664a63a65215037d59e740f35f8f1724f7dc64203b6101139f0f65708de"},
    {file = "lmdb-1.2.1-pp36-pypy36_pp73-macosx_10_7_x86_64.whl", hash = "sha256:33aac3b528cca2bf78d2aab93e25d839fd7e5950929b7050a4afe02cd5256462"},
    {file = "lmdb-1.2.1-pp36-pypy36_pp73-win32.whl", hash = "sha256:6dc9c23f37c18db7ec9ea9fa2bb6c3b4e325aa8d3558797860f8c9fee9baf49e"},
    {file = "lmdb-1.2.1.tar.gz", hash = "sha256:5f76a90ebd08922acca11948779b5055f7a262687178e9e94f4e804b9f8465bc"},
]
minos-microservice-common = []
minos-microservice-networks = [
    {file = "minos_microservice_networks-0.0.1-py2.py3-none-any.whl", hash = "sha256:3a8c968271d0013e2f63e1e4f4a5f0ffdf742ca167ce2f54c62ddf68a28bbbaf"},
    {file = "minos_microservice_networks-0.0.1.tar.gz", hash = "sha256:e06f06e3ad839e146cfae0fa5f05f545aa44468f462b08a5150d0416a31d1a14"},
]
minos-microservice-saga = [
    {file = "minos_microservice_saga-0.0.1-py2.py3-none-any.whl", hash = "sha256:66b6e00e7dff04e7bd82bf25f59496fec950d5941c894d9d06ac64b50dac48c9"},
    {file = "minos_microservice_saga-0.0.1.tar.gz", hash = "sha256:61f2471af559dc7ee470413680ca471e5719f8a4577adb1d7ae6e6ac4c962022"},
]
orjson = [
    {file = "orjson-3.5.3-cp36-cp36m-macosx_10_7_x86_64.whl", hash = "sha256:f22e2b3a1686a0f90aca920a522033b326cb2f945c8ed8fd8effa9f302672627"},
    {file = "orjson-3.5.3-cp36-cp36m-macosx_10_9_universal2.whl", hash = "sha256:eb0cfe56687ac915e83dcfa1aa100e68883b42fe8eecae7275dc05da8cf96faa"},
    {file = "orjson-3.5.3-cp36-cp36m-manylinux_2_17_x86_64.manylinux2014_x86_64.whl", hash = "sha256:b2add8eeb14746f961330330ab5ce3dd09c858fb634eeeb26ceac14443e82830"},
    {file = "orjson-3.5.3-cp36-none-win_amd64.whl", hash = "sha256:7e65fc393a77b5db391f28c7ccfcdc844f9dd0624e42dcf17d36fc20ddd3f3a0"},
    {file = "orjson-3.5.3-cp37-cp37m-macosx_10_7_x86_64.whl", hash = "sha256:4c80de99cb9617fe023201b543b8ed4b02dd8b52fbf7dd9b399d3b9d5f352398"},
    {file = "orjson-3.5.3-cp37-cp37m-macosx_10_9_universal2.whl", hash = "sha256:b3b7ffdca6408b268aed9492e8558ac80f2e3bb362b992c2e7ecbbeb49b2a51e"},
    {file = "orjson-3.5.3-cp37-cp37m-manylinux_2_17_x86_64.manylinux2014_x86_64.whl", hash = "sha256:b427ad034625ed522b683c1333ab2de83c25c1787fee47968a27f72fa2b55dca"},
    {file = "orjson-3.5.3-cp37-none-win_amd64.whl", hash = "sha256:0c70bee40f215ede3949b34f1ae6b5260e108c00c914a7c62741ce6f8de2e27c"},
    {file = "orjson-3.5.3-cp38-cp38-macosx_10_7_x86_64.whl", hash = "sha256:e0e74f47a3aafc6751d6dc238e34b38ae9a77a2373b98a722c428d832c919617"},
    {file = "orjson-3.5.3-cp38-cp38-macosx_10_9_universal2.whl", hash = "sha256:91c31999cbd4650459ef5160f5cf248cb4a7f1e24407f90cd9c58d113d335561"},
    {file = "orjson-3.5.3-cp38-cp38-manylinux_2_17_x86_64.manylinux2014_x86_64.whl", hash = "sha256:27fa08fe5d2b9913b3ac8728960971544f255778e120849add596d67a7720f1f"},
    {file = "orjson-3.5.3-cp38-none-win_amd64.whl", hash = "sha256:dcf711f6e4f5ee33206d51436eb9a2322a4338fd9081729c662e37d062f51c9d"},
    {file = "orjson-3.5.3-cp39-cp39-macosx_10_7_x86_64.whl", hash = "sha256:6186755180e53436ebac3e0ce1590b27f218727f888c6e3f4c8fdabcb3ef840e"},
    {file = "orjson-3.5.3-cp39-cp39-macosx_10_9_universal2.whl", hash = "sha256:d61edb73c5a7287e776dc000c056d59e1cc8d548cc672977b74e74c0164be3ef"},
    {file = "orjson-3.5.3-cp39-cp39-manylinux_2_17_x86_64.manylinux2014_x86_64.whl", hash = "sha256:45b249d9d7ef6f241bca0a09cde57c99d019a0ca73df9bffb25c768b0f806b6d"},
    {file = "orjson-3.5.3-cp39-none-win_amd64.whl", hash = "sha256:111ebdbca5fe51d4b22d155861ec8d35ce48f62d92717ed5828566b13a284c1a"},
    {file = "orjson-3.5.3.tar.gz", hash = "sha256:8818f651ef7ed55f7c0ee34fa51f3de0988dd35386e8cefd0c2e1f32ff9f1966"},
]
psycopg2-binary = [
    {file = "psycopg2-binary-2.9.1.tar.gz", hash = "sha256:b0221ca5a9837e040ebf61f48899926b5783668b7807419e4adae8175a31f773"},
    {file = "psycopg2_binary-2.9.1-cp36-cp36m-macosx_10_14_x86_64.macosx_10_9_intel.macosx_10_9_x86_64.macosx_10_10_intel.macosx_10_10_x86_64.whl", hash = "sha256:c250a7ec489b652c892e4f0a5d122cc14c3780f9f643e1a326754aedf82d9a76"},
    {file = "psycopg2_binary-2.9.1-cp36-cp36m-manylinux_2_17_i686.manylinux2014_i686.whl", hash = "sha256:aef9aee84ec78af51107181d02fe8773b100b01c5dfde351184ad9223eab3698"},
    {file = "psycopg2_binary-2.9.1-cp36-cp36m-manylinux_2_17_x86_64.manylinux2014_x86_64.whl", hash = "sha256:123c3fb684e9abfc47218d3784c7b4c47c8587951ea4dd5bc38b6636ac57f616"},
    {file = "psycopg2_binary-2.9.1-cp36-cp36m-manylinux_2_24_aarch64.whl", hash = "sha256:995fc41ebda5a7a663a254a1dcac52638c3e847f48307b5416ee373da15075d7"},
    {file = "psycopg2_binary-2.9.1-cp36-cp36m-manylinux_2_24_ppc64le.whl", hash = "sha256:fbb42a541b1093385a2d8c7eec94d26d30437d0e77c1d25dae1dcc46741a385e"},
    {file = "psycopg2_binary-2.9.1-cp36-cp36m-win32.whl", hash = "sha256:20f1ab44d8c352074e2d7ca67dc00843067788791be373e67a0911998787ce7d"},
    {file = "psycopg2_binary-2.9.1-cp36-cp36m-win_amd64.whl", hash = "sha256:f6fac64a38f6768e7bc7b035b9e10d8a538a9fadce06b983fb3e6fa55ac5f5ce"},
    {file = "psycopg2_binary-2.9.1-cp37-cp37m-macosx_10_14_x86_64.macosx_10_9_intel.macosx_10_9_x86_64.macosx_10_10_intel.macosx_10_10_x86_64.whl", hash = "sha256:1e3a362790edc0a365385b1ac4cc0acc429a0c0d662d829a50b6ce743ae61b5a"},
    {file = "psycopg2_binary-2.9.1-cp37-cp37m-manylinux_2_17_i686.manylinux2014_i686.whl", hash = "sha256:f8559617b1fcf59a9aedba2c9838b5b6aa211ffedecabca412b92a1ff75aac1a"},
    {file = "psycopg2_binary-2.9.1-cp37-cp37m-manylinux_2_17_x86_64.manylinux2014_x86_64.whl", hash = "sha256:a36c7eb6152ba5467fb264d73844877be8b0847874d4822b7cf2d3c0cb8cdcb0"},
    {file = "psycopg2_binary-2.9.1-cp37-cp37m-manylinux_2_24_aarch64.whl", hash = "sha256:2f62c207d1740b0bde5c4e949f857b044818f734a3d57f1d0d0edc65050532ed"},
    {file = "psycopg2_binary-2.9.1-cp37-cp37m-manylinux_2_24_ppc64le.whl", hash = "sha256:cfc523edecddaef56f6740d7de1ce24a2fdf94fd5e704091856a201872e37f9f"},
    {file = "psycopg2_binary-2.9.1-cp37-cp37m-win32.whl", hash = "sha256:1e85b74cbbb3056e3656f1cc4781294df03383127a8114cbc6531e8b8367bf1e"},
    {file = "psycopg2_binary-2.9.1-cp37-cp37m-win_amd64.whl", hash = "sha256:1473c0215b0613dd938db54a653f68251a45a78b05f6fc21af4326f40e8360a2"},
    {file = "psycopg2_binary-2.9.1-cp38-cp38-macosx_10_14_x86_64.macosx_10_9_intel.macosx_10_9_x86_64.macosx_10_10_intel.macosx_10_10_x86_64.whl", hash = "sha256:35c4310f8febe41f442d3c65066ca93cccefd75013df3d8c736c5b93ec288140"},
    {file = "psycopg2_binary-2.9.1-cp38-cp38-manylinux_2_17_i686.manylinux2014_i686.whl", hash = "sha256:8c13d72ed6af7fd2c8acbd95661cf9477f94e381fce0792c04981a8283b52917"},
    {file = "psycopg2_binary-2.9.1-cp38-cp38-manylinux_2_17_x86_64.manylinux2014_x86_64.whl", hash = "sha256:14db1752acdd2187d99cb2ca0a1a6dfe57fc65c3281e0f20e597aac8d2a5bd90"},
    {file = "psycopg2_binary-2.9.1-cp38-cp38-manylinux_2_24_aarch64.whl", hash = "sha256:aed4a9a7e3221b3e252c39d0bf794c438dc5453bc2963e8befe9d4cd324dff72"},
    {file = "psycopg2_binary-2.9.1-cp38-cp38-manylinux_2_24_ppc64le.whl", hash = "sha256:da113b70f6ec40e7d81b43d1b139b9db6a05727ab8be1ee559f3a69854a69d34"},
    {file = "psycopg2_binary-2.9.1-cp38-cp38-win32.whl", hash = "sha256:4235f9d5ddcab0b8dbd723dca56ea2922b485ea00e1dafacf33b0c7e840b3d32"},
    {file = "psycopg2_binary-2.9.1-cp38-cp38-win_amd64.whl", hash = "sha256:988b47ac70d204aed01589ed342303da7c4d84b56c2f4c4b8b00deda123372bf"},
    {file = "psycopg2_binary-2.9.1-cp39-cp39-macosx_10_14_x86_64.macosx_10_9_intel.macosx_10_9_x86_64.macosx_10_10_intel.macosx_10_10_x86_64.whl", hash = "sha256:7360647ea04db2e7dff1648d1da825c8cf68dc5fbd80b8fb5b3ee9f068dcd21a"},
    {file = "psycopg2_binary-2.9.1-cp39-cp39-manylinux_2_17_i686.manylinux2014_i686.whl", hash = "sha256:ca86db5b561b894f9e5f115d6a159fff2a2570a652e07889d8a383b5fae66eb4"},
    {file = "psycopg2_binary-2.9.1-cp39-cp39-manylinux_2_17_x86_64.manylinux2014_x86_64.whl", hash = "sha256:5ced67f1e34e1a450cdb48eb53ca73b60aa0af21c46b9b35ac3e581cf9f00e31"},
    {file = "psycopg2_binary-2.9.1-cp39-cp39-manylinux_2_24_aarch64.whl", hash = "sha256:0f2e04bd2a2ab54fa44ee67fe2d002bb90cee1c0f1cc0ebc3148af7b02034cbd"},
    {file = "psycopg2_binary-2.9.1-cp39-cp39-manylinux_2_24_ppc64le.whl", hash = "sha256:3242b9619de955ab44581a03a64bdd7d5e470cc4183e8fcadd85ab9d3756ce7a"},
    {file = "psycopg2_binary-2.9.1-cp39-cp39-win32.whl", hash = "sha256:0b7dae87f0b729922e06f85f667de7bf16455d411971b2043bbd9577af9d1975"},
    {file = "psycopg2_binary-2.9.1-cp39-cp39-win_amd64.whl", hash = "sha256:b4d7679a08fea64573c969f6994a2631908bb2c0e69a7235648642f3d2e39a68"},
]
pycparser = [
    {file = "pycparser-2.20-py2.py3-none-any.whl", hash = "sha256:7582ad22678f0fcd81102833f60ef8d0e57288b6b5fb00323d101be910e35705"},
    {file = "pycparser-2.20.tar.gz", hash = "sha256:2d475327684562c3a96cc71adf7dc8c4f0565175cf86b6d7a404ff4c771f15f0"},
]
pyyaml = [
    {file = "PyYAML-5.4.1-cp27-cp27m-macosx_10_9_x86_64.whl", hash = "sha256:3b2b1824fe7112845700f815ff6a489360226a5609b96ec2190a45e62a9fc922"},
    {file = "PyYAML-5.4.1-cp27-cp27m-win32.whl", hash = "sha256:129def1b7c1bf22faffd67b8f3724645203b79d8f4cc81f674654d9902cb4393"},
    {file = "PyYAML-5.4.1-cp27-cp27m-win_amd64.whl", hash = "sha256:4465124ef1b18d9ace298060f4eccc64b0850899ac4ac53294547536533800c8"},
    {file = "PyYAML-5.4.1-cp27-cp27mu-manylinux1_x86_64.whl", hash = "sha256:bb4191dfc9306777bc594117aee052446b3fa88737cd13b7188d0e7aa8162185"},
    {file = "PyYAML-5.4.1-cp36-cp36m-macosx_10_9_x86_64.whl", hash = "sha256:6c78645d400265a062508ae399b60b8c167bf003db364ecb26dcab2bda048253"},
    {file = "PyYAML-5.4.1-cp36-cp36m-manylinux1_x86_64.whl", hash = "sha256:4e0583d24c881e14342eaf4ec5fbc97f934b999a6828693a99157fde912540cc"},
    {file = "PyYAML-5.4.1-cp36-cp36m-manylinux2014_aarch64.whl", hash = "sha256:72a01f726a9c7851ca9bfad6fd09ca4e090a023c00945ea05ba1638c09dc3347"},
    {file = "PyYAML-5.4.1-cp36-cp36m-manylinux2014_s390x.whl", hash = "sha256:895f61ef02e8fed38159bb70f7e100e00f471eae2bc838cd0f4ebb21e28f8541"},
    {file = "PyYAML-5.4.1-cp36-cp36m-win32.whl", hash = "sha256:3bd0e463264cf257d1ffd2e40223b197271046d09dadf73a0fe82b9c1fc385a5"},
    {file = "PyYAML-5.4.1-cp36-cp36m-win_amd64.whl", hash = "sha256:e4fac90784481d221a8e4b1162afa7c47ed953be40d31ab4629ae917510051df"},
    {file = "PyYAML-5.4.1-cp37-cp37m-macosx_10_9_x86_64.whl", hash = "sha256:5accb17103e43963b80e6f837831f38d314a0495500067cb25afab2e8d7a4018"},
    {file = "PyYAML-5.4.1-cp37-cp37m-manylinux1_x86_64.whl", hash = "sha256:e1d4970ea66be07ae37a3c2e48b5ec63f7ba6804bdddfdbd3cfd954d25a82e63"},
    {file = "PyYAML-5.4.1-cp37-cp37m-manylinux2014_aarch64.whl", hash = "sha256:cb333c16912324fd5f769fff6bc5de372e9e7a202247b48870bc251ed40239aa"},
    {file = "PyYAML-5.4.1-cp37-cp37m-manylinux2014_s390x.whl", hash = "sha256:fe69978f3f768926cfa37b867e3843918e012cf83f680806599ddce33c2c68b0"},
    {file = "PyYAML-5.4.1-cp37-cp37m-win32.whl", hash = "sha256:dd5de0646207f053eb0d6c74ae45ba98c3395a571a2891858e87df7c9b9bd51b"},
    {file = "PyYAML-5.4.1-cp37-cp37m-win_amd64.whl", hash = "sha256:08682f6b72c722394747bddaf0aa62277e02557c0fd1c42cb853016a38f8dedf"},
    {file = "PyYAML-5.4.1-cp38-cp38-macosx_10_9_x86_64.whl", hash = "sha256:d2d9808ea7b4af864f35ea216be506ecec180628aced0704e34aca0b040ffe46"},
    {file = "PyYAML-5.4.1-cp38-cp38-manylinux1_x86_64.whl", hash = "sha256:8c1be557ee92a20f184922c7b6424e8ab6691788e6d86137c5d93c1a6ec1b8fb"},
    {file = "PyYAML-5.4.1-cp38-cp38-manylinux2014_aarch64.whl", hash = "sha256:fd7f6999a8070df521b6384004ef42833b9bd62cfee11a09bda1079b4b704247"},
    {file = "PyYAML-5.4.1-cp38-cp38-manylinux2014_s390x.whl", hash = "sha256:bfb51918d4ff3d77c1c856a9699f8492c612cde32fd3bcd344af9be34999bfdc"},
    {file = "PyYAML-5.4.1-cp38-cp38-win32.whl", hash = "sha256:fa5ae20527d8e831e8230cbffd9f8fe952815b2b7dae6ffec25318803a7528fc"},
    {file = "PyYAML-5.4.1-cp38-cp38-win_amd64.whl", hash = "sha256:0f5f5786c0e09baddcd8b4b45f20a7b5d61a7e7e99846e3c799b05c7c53fa696"},
    {file = "PyYAML-5.4.1-cp39-cp39-macosx_10_9_x86_64.whl", hash = "sha256:294db365efa064d00b8d1ef65d8ea2c3426ac366c0c4368d930bf1c5fb497f77"},
    {file = "PyYAML-5.4.1-cp39-cp39-manylinux1_x86_64.whl", hash = "sha256:74c1485f7707cf707a7aef42ef6322b8f97921bd89be2ab6317fd782c2d53183"},
    {file = "PyYAML-5.4.1-cp39-cp39-manylinux2014_aarch64.whl", hash = "sha256:d483ad4e639292c90170eb6f7783ad19490e7a8defb3e46f97dfe4bacae89122"},
    {file = "PyYAML-5.4.1-cp39-cp39-manylinux2014_s390x.whl", hash = "sha256:fdc842473cd33f45ff6bce46aea678a54e3d21f1b61a7750ce3c498eedfe25d6"},
    {file = "PyYAML-5.4.1-cp39-cp39-win32.whl", hash = "sha256:49d4cdd9065b9b6e206d0595fee27a96b5dd22618e7520c33204a4a3239d5b10"},
    {file = "PyYAML-5.4.1-cp39-cp39-win_amd64.whl", hash = "sha256:c20cfa2d49991c8b4147af39859b167664f2ad4561704ee74c1de03318e898db"},
    {file = "PyYAML-5.4.1.tar.gz", hash = "sha256:607774cbba28732bfa802b54baa7484215f530991055bb562efbed5b2f20a45e"},
]
six = [
    {file = "six-1.15.0-py2.py3-none-any.whl", hash = "sha256:8b74bedcbbbaca38ff6d7491d76f2b06b3592611af620f8426e82dddb04a5ced"},
    {file = "six-1.15.0.tar.gz", hash = "sha256:30639c035cdb23534cd4aa2dd52c3bf48f06e5f4a941509c8bafd8ce11080259"},
]
typer = [
    {file = "typer-0.3.2-py3-none-any.whl", hash = "sha256:ba58b920ce851b12a2d790143009fa00ac1d05b3ff3257061ff69dbdfc3d161b"},
    {file = "typer-0.3.2.tar.gz", hash = "sha256:5455d750122cff96745b0dec87368f56d023725a7ebc9d2e54dd23dc86816303"},
]
