[[package]]
name = "aiomisc"
version = "14.1.0"
description = "aiomisc - miscellaneous utils for asyncio"
category = "main"
optional = false
python-versions = "*"

[package.dependencies]
colorlog = "*"

[package.extras]
aiohttp = ["aiohttp"]
asgi = ["aiohttp-asgi"]
carbon = ["aiocarbon (>=0.15,<1.0)"]
contextvars = ["contextvars (>=2.4,<3.0)"]
cron = ["croniter (>=0.3.34,<0.4.0)"]
develop = ["aiocontextvars (==0.2.2)", "aiohttp (<4)", "aiohttp-asgi", "async-generator", "async-timeout", "coverage (==4.5.1)", "coveralls", "croniter (>=0.3.34,<0.4.0)", "fastapi", "freezegun (<1.1)", "mypy (>=0.782,<1.0)", "pylava", "pytest", "pytest-cov (>=2.5.1,<2.6.0)", "pytest-freezegun (>=0.4.2,<0.5.0)", "sphinx (>=3.5.1)", "sphinx-autobuild", "sphinx-intl", "timeout-decorator", "tox (>=2.4)"]
raven = ["raven-aiohttp"]
uvloop = ["uvloop (>=0.14,<1)"]

[[package]]
name = "aiopg"
version = "1.3.0"
description = "Postgres integration with asyncio."
category = "main"
optional = false
python-versions = ">=3.6"

[package.dependencies]
async-timeout = ">=3.0,<4.0"
psycopg2-binary = ">=2.8.4"

[package.extras]
sa = ["sqlalchemy[postgresql_psycopg2binary] (>=1.3,<1.5)"]

[[package]]
name = "async-timeout"
version = "3.0.1"
description = "Timeout context manager for asyncio programs"
category = "main"
optional = false
python-versions = ">=3.5.3"

[[package]]
name = "atomicwrites"
version = "1.4.0"
description = "Atomic file writes."
category = "dev"
optional = false
python-versions = ">=2.7, !=3.0.*, !=3.1.*, !=3.2.*, !=3.3.*"

[[package]]
name = "attrs"
version = "21.2.0"
description = "Classes Without Boilerplate"
category = "dev"
optional = false
python-versions = ">=2.7, !=3.0.*, !=3.1.*, !=3.2.*, !=3.3.*, !=3.4.*"

[package.extras]
dev = ["coverage[toml] (>=5.0.2)", "hypothesis", "pympler", "pytest (>=4.3.0)", "six", "mypy", "pytest-mypy-plugins", "zope.interface", "furo", "sphinx", "sphinx-notfound-page", "pre-commit"]
docs = ["furo", "sphinx", "zope.interface", "sphinx-notfound-page"]
tests = ["coverage[toml] (>=5.0.2)", "hypothesis", "pympler", "pytest (>=4.3.0)", "six", "mypy", "pytest-mypy-plugins", "zope.interface"]
tests_no_zope = ["coverage[toml] (>=5.0.2)", "hypothesis", "pympler", "pytest (>=4.3.0)", "six", "mypy", "pytest-mypy-plugins"]

[[package]]
name = "cached-property"
version = "1.5.2"
description = "A decorator for caching properties in classes."
category = "main"
optional = false
python-versions = "*"

[[package]]
name = "cffi"
version = "1.14.5"
description = "Foreign Function Interface for Python calling C code."
category = "main"
optional = false
python-versions = "*"

[package.dependencies]
pycparser = "*"

[[package]]
name = "click"
version = "7.1.2"
description = "Composable command line interface toolkit"
category = "main"
optional = false
python-versions = ">=2.7, !=3.0.*, !=3.1.*, !=3.2.*, !=3.3.*, !=3.4.*"

[[package]]
name = "colorama"
version = "0.4.4"
description = "Cross-platform colored terminal text."
category = "main"
optional = false
python-versions = ">=2.7, !=3.0.*, !=3.1.*, !=3.2.*, !=3.3.*, !=3.4.*"

[[package]]
name = "colorlog"
version = "5.0.1"
description = "Add colours to the output of Python's logging module."
category = "main"
optional = false
python-versions = "*"

[package.dependencies]
colorama = {version = "*", markers = "sys_platform == \"win32\""}

[[package]]
name = "dependency-injector"
version = "4.34.0"
description = "Dependency injection framework for Python"
category = "main"
optional = false
python-versions = "*"

[package.dependencies]
six = ">=1.7.0,<=1.15.0"

[package.extras]
aiohttp = ["aiohttp"]
flask = ["flask"]
pydantic = ["pydantic"]
yaml = ["pyyaml"]

[[package]]
name = "fastavro"
version = "1.4.2"
description = "Fast read/write of AVRO files"
category = "main"
optional = false
python-versions = ">=3.6"

[package.extras]
codecs = ["python-snappy", "zstandard", "lz4"]
lz4 = ["lz4"]
snappy = ["python-snappy"]
zstandard = ["zstandard"]

[[package]]
name = "lmdb"
version = "1.2.1"
description = "Universal Python binding for the LMDB 'Lightning' Database"
category = "main"
optional = false
python-versions = "*"

[package.dependencies]
cffi = ">=0.8"

[[package]]
name = "minos-microservice-common"
version = "0.1.2"
description = "Python Package with common Classes and Utilities used in Minos Microservices."
category = "main"
optional = false
python-versions = ">=3.9,<4.0"

[package.dependencies]
aiomisc = ">=14.0.3,<15.0.0"
aiopg = ">=1.2.1,<2.0.0"
cached-property = ">=1.5.2,<2.0.0"
dependency-injector = ">=4.32.2,<5.0.0"
fastavro = ">=1.4.0,<2.0.0"
lmdb = ">=1.2.1,<2.0.0"
orjson = ">=3.5.2,<4.0.0"
PyYAML = ">=5.4.1,<6.0.0"

[[package]]
name = "minos-microservice-saga"
version = "0.0.6"
description = "Saga Library for MinOS project."
category = "main"
optional = false
python-versions = ">=3.9,<4.0"

[package.dependencies]
dependency-injector = ">=4.32.2,<5.0.0"
minos-microservice-common = ">=0.1.2,<0.2.0"

[[package]]
name = "more-itertools"
version = "8.8.0"
description = "More routines for operating on iterables, beyond itertools"
category = "dev"
optional = false
python-versions = ">=3.5"

[[package]]
name = "orjson"
version = "3.5.4"
description = "Fast, correct Python JSON library supporting dataclasses, datetimes, and numpy"
category = "main"
optional = false
python-versions = ">=3.6"

[[package]]
name = "packaging"
version = "21.0"
description = "Core utilities for Python packages"
category = "dev"
optional = false
python-versions = ">=3.6"

[package.dependencies]
pyparsing = ">=2.0.2"

[[package]]
name = "pluggy"
version = "0.13.1"
description = "plugin and hook calling mechanisms for python"
category = "dev"
optional = false
python-versions = ">=2.7, !=3.0.*, !=3.1.*, !=3.2.*, !=3.3.*"

[package.extras]
dev = ["pre-commit", "tox"]

[[package]]
name = "psycopg2-binary"
version = "2.9.1"
description = "psycopg2 - Python-PostgreSQL Database Adapter"
category = "main"
optional = false
python-versions = ">=3.6"

[[package]]
name = "py"
version = "1.10.0"
description = "library with cross-python path, ini-parsing, io, code, log facilities"
category = "dev"
optional = false
python-versions = ">=2.7, !=3.0.*, !=3.1.*, !=3.2.*, !=3.3.*"

[[package]]
name = "pycparser"
version = "2.20"
description = "C parser in Python"
category = "main"
optional = false
python-versions = ">=2.7, !=3.0.*, !=3.1.*, !=3.2.*, !=3.3.*"

[[package]]
name = "pyparsing"
version = "2.4.7"
description = "Python parsing module"
category = "dev"
optional = false
python-versions = ">=2.6, !=3.0.*, !=3.1.*, !=3.2.*"

[[package]]
name = "pytest"
version = "5.4.3"
description = "pytest: simple powerful testing with Python"
category = "dev"
optional = false
python-versions = ">=3.5"

[package.dependencies]
atomicwrites = {version = ">=1.0", markers = "sys_platform == \"win32\""}
attrs = ">=17.4.0"
colorama = {version = "*", markers = "sys_platform == \"win32\""}
more-itertools = ">=4.0.0"
packaging = "*"
pluggy = ">=0.12,<1.0"
py = ">=1.5.0"
wcwidth = "*"

[package.extras]
checkqa-mypy = ["mypy (==v0.761)"]
testing = ["argcomplete", "hypothesis (>=3.56)", "mock", "nose", "requests", "xmlschema"]

[[package]]
name = "pyyaml"
version = "5.4.1"
description = "YAML parser and emitter for Python"
category = "main"
optional = false
python-versions = ">=2.7, !=3.0.*, !=3.1.*, !=3.2.*, !=3.3.*, !=3.4.*, !=3.5.*"

[[package]]
name = "six"
version = "1.15.0"
description = "Python 2 and 3 compatibility utilities"
category = "main"
optional = false
python-versions = ">=2.7, !=3.0.*, !=3.1.*, !=3.2.*"

[[package]]
name = "typer"
version = "0.3.2"
description = "Typer, build great CLIs. Easy to code. Based on Python type hints."
category = "main"
optional = false
python-versions = ">=3.6"

[package.dependencies]
click = ">=7.1.1,<7.2.0"

[package.extras]
test = ["pytest-xdist (>=1.32.0,<2.0.0)", "pytest-sugar (>=0.9.4,<0.10.0)", "mypy (==0.782)", "black (>=19.10b0,<20.0b0)", "isort (>=5.0.6,<6.0.0)", "shellingham (>=1.3.0,<2.0.0)", "pytest (>=4.4.0,<5.4.0)", "pytest-cov (>=2.10.0,<3.0.0)", "coverage (>=5.2,<6.0)"]
all = ["colorama (>=0.4.3,<0.5.0)", "shellingham (>=1.3.0,<2.0.0)"]
dev = ["autoflake (>=1.3.1,<2.0.0)", "flake8 (>=3.8.3,<4.0.0)"]
doc = ["mkdocs (>=1.1.2,<2.0.0)", "mkdocs-material (>=5.4.0,<6.0.0)", "markdown-include (>=0.5.1,<0.6.0)"]

[[package]]
name = "wcwidth"
version = "0.2.5"
description = "Measures the displayed width of unicode strings in a terminal"
category = "dev"
optional = false
python-versions = "*"

[metadata]
lock-version = "1.1"
python-versions = "^3.9"
content-hash = "1a879e01ac856ee9f0177ac35f2d5c53a6a785cd187a191bd5b81a15ab8eaa63"

[metadata.files]
aiomisc = [
    {file = "aiomisc-14.1.0-py3-none-any.whl", hash = "sha256:886223a4cfb469224b27ef6a1503966ffbe2f22b322be1595874fe9e22ffc09d"},
    {file = "aiomisc-14.1.0.tar.gz", hash = "sha256:6ad99346dbe98c995ba76e9c50dffe492c6dffd383653b20593b44601c89ea7a"},
]
aiopg = [
    {file = "aiopg-1.3.0-py3-none-any.whl", hash = "sha256:e4e203d192a8dc3477b5f324614cd98e92ae72a55127b67ddba37484c967213c"},
    {file = "aiopg-1.3.0.tar.gz", hash = "sha256:71624a70dccc438e8d29728373c7ed14ee44ec0454cc35ef158b07cfd4afbc65"},
]
async-timeout = [
    {file = "async-timeout-3.0.1.tar.gz", hash = "sha256:0c3c816a028d47f659d6ff5c745cb2acf1f966da1fe5c19c77a70282b25f4c5f"},
    {file = "async_timeout-3.0.1-py3-none-any.whl", hash = "sha256:4291ca197d287d274d0b6cb5d6f8f8f82d434ed288f962539ff18cc9012f9ea3"},
]
atomicwrites = [
    {file = "atomicwrites-1.4.0-py2.py3-none-any.whl", hash = "sha256:6d1784dea7c0c8d4a5172b6c620f40b6e4cbfdf96d783691f2e1302a7b88e197"},
    {file = "atomicwrites-1.4.0.tar.gz", hash = "sha256:ae70396ad1a434f9c7046fd2dd196fc04b12f9e91ffb859164193be8b6168a7a"},
]
attrs = [
    {file = "attrs-21.2.0-py2.py3-none-any.whl", hash = "sha256:149e90d6d8ac20db7a955ad60cf0e6881a3f20d37096140088356da6c716b0b1"},
    {file = "attrs-21.2.0.tar.gz", hash = "sha256:ef6aaac3ca6cd92904cdd0d83f629a15f18053ec84e6432106f7a4d04ae4f5fb"},
]
cached-property = [
    {file = "cached-property-1.5.2.tar.gz", hash = "sha256:9fa5755838eecbb2d234c3aa390bd80fbd3ac6b6869109bfc1b499f7bd89a130"},
    {file = "cached_property-1.5.2-py2.py3-none-any.whl", hash = "sha256:df4f613cf7ad9a588cc381aaf4a512d26265ecebd5eb9e1ba12f1319eb85a6a0"},
]
cffi = [
    {file = "cffi-1.14.5-cp27-cp27m-macosx_10_9_x86_64.whl", hash = "sha256:bb89f306e5da99f4d922728ddcd6f7fcebb3241fc40edebcb7284d7514741991"},
    {file = "cffi-1.14.5-cp27-cp27m-manylinux1_i686.whl", hash = "sha256:34eff4b97f3d982fb93e2831e6750127d1355a923ebaeeb565407b3d2f8d41a1"},
    {file = "cffi-1.14.5-cp27-cp27m-manylinux1_x86_64.whl", hash = "sha256:99cd03ae7988a93dd00bcd9d0b75e1f6c426063d6f03d2f90b89e29b25b82dfa"},
    {file = "cffi-1.14.5-cp27-cp27m-win32.whl", hash = "sha256:65fa59693c62cf06e45ddbb822165394a288edce9e276647f0046e1ec26920f3"},
    {file = "cffi-1.14.5-cp27-cp27m-win_amd64.whl", hash = "sha256:51182f8927c5af975fece87b1b369f722c570fe169f9880764b1ee3bca8347b5"},
    {file = "cffi-1.14.5-cp27-cp27mu-manylinux1_i686.whl", hash = "sha256:43e0b9d9e2c9e5d152946b9c5fe062c151614b262fda2e7b201204de0b99e482"},
    {file = "cffi-1.14.5-cp27-cp27mu-manylinux1_x86_64.whl", hash = "sha256:cbde590d4faaa07c72bf979734738f328d239913ba3e043b1e98fe9a39f8b2b6"},
    {file = "cffi-1.14.5-cp35-cp35m-macosx_10_9_x86_64.whl", hash = "sha256:5de7970188bb46b7bf9858eb6890aad302577a5f6f75091fd7cdd3ef13ef3045"},
    {file = "cffi-1.14.5-cp35-cp35m-manylinux1_i686.whl", hash = "sha256:a465da611f6fa124963b91bf432d960a555563efe4ed1cc403ba5077b15370aa"},
    {file = "cffi-1.14.5-cp35-cp35m-manylinux1_x86_64.whl", hash = "sha256:d42b11d692e11b6634f7613ad8df5d6d5f8875f5d48939520d351007b3c13406"},
    {file = "cffi-1.14.5-cp35-cp35m-win32.whl", hash = "sha256:72d8d3ef52c208ee1c7b2e341f7d71c6fd3157138abf1a95166e6165dd5d4369"},
    {file = "cffi-1.14.5-cp35-cp35m-win_amd64.whl", hash = "sha256:29314480e958fd8aab22e4a58b355b629c59bf5f2ac2492b61e3dc06d8c7a315"},
    {file = "cffi-1.14.5-cp36-cp36m-macosx_10_9_x86_64.whl", hash = "sha256:3d3dd4c9e559eb172ecf00a2a7517e97d1e96de2a5e610bd9b68cea3925b4892"},
    {file = "cffi-1.14.5-cp36-cp36m-manylinux1_i686.whl", hash = "sha256:48e1c69bbacfc3d932221851b39d49e81567a4d4aac3b21258d9c24578280058"},
    {file = "cffi-1.14.5-cp36-cp36m-manylinux1_x86_64.whl", hash = "sha256:69e395c24fc60aad6bb4fa7e583698ea6cc684648e1ffb7fe85e3c1ca131a7d5"},
    {file = "cffi-1.14.5-cp36-cp36m-manylinux2014_aarch64.whl", hash = "sha256:9e93e79c2551ff263400e1e4be085a1210e12073a31c2011dbbda14bda0c6132"},
    {file = "cffi-1.14.5-cp36-cp36m-manylinux_2_17_aarch64.manylinux2014_aarch64.whl", hash = "sha256:24ec4ff2c5c0c8f9c6b87d5bb53555bf267e1e6f70e52e5a9740d32861d36b6f"},
    {file = "cffi-1.14.5-cp36-cp36m-manylinux_2_17_ppc64le.manylinux2014_ppc64le.whl", hash = "sha256:3c3f39fa737542161d8b0d680df2ec249334cd70a8f420f71c9304bd83c3cbed"},
    {file = "cffi-1.14.5-cp36-cp36m-manylinux_2_17_s390x.manylinux2014_s390x.whl", hash = "sha256:681d07b0d1e3c462dd15585ef5e33cb021321588bebd910124ef4f4fb71aef55"},
    {file = "cffi-1.14.5-cp36-cp36m-win32.whl", hash = "sha256:58e3f59d583d413809d60779492342801d6e82fefb89c86a38e040c16883be53"},
    {file = "cffi-1.14.5-cp36-cp36m-win_amd64.whl", hash = "sha256:005a36f41773e148deac64b08f233873a4d0c18b053d37da83f6af4d9087b813"},
    {file = "cffi-1.14.5-cp37-cp37m-macosx_10_9_x86_64.whl", hash = "sha256:2894f2df484ff56d717bead0a5c2abb6b9d2bf26d6960c4604d5c48bbc30ee73"},
    {file = "cffi-1.14.5-cp37-cp37m-manylinux1_i686.whl", hash = "sha256:0857f0ae312d855239a55c81ef453ee8fd24136eaba8e87a2eceba644c0d4c06"},
    {file = "cffi-1.14.5-cp37-cp37m-manylinux1_x86_64.whl", hash = "sha256:cd2868886d547469123fadc46eac7ea5253ea7fcb139f12e1dfc2bbd406427d1"},
    {file = "cffi-1.14.5-cp37-cp37m-manylinux2014_aarch64.whl", hash = "sha256:35f27e6eb43380fa080dccf676dece30bef72e4a67617ffda586641cd4508d49"},
    {file = "cffi-1.14.5-cp37-cp37m-manylinux_2_17_aarch64.manylinux2014_aarch64.whl", hash = "sha256:06d7cd1abac2ffd92e65c0609661866709b4b2d82dd15f611e602b9b188b0b69"},
    {file = "cffi-1.14.5-cp37-cp37m-manylinux_2_17_ppc64le.manylinux2014_ppc64le.whl", hash = "sha256:0f861a89e0043afec2a51fd177a567005847973be86f709bbb044d7f42fc4e05"},
    {file = "cffi-1.14.5-cp37-cp37m-manylinux_2_17_s390x.manylinux2014_s390x.whl", hash = "sha256:cc5a8e069b9ebfa22e26d0e6b97d6f9781302fe7f4f2b8776c3e1daea35f1adc"},
    {file = "cffi-1.14.5-cp37-cp37m-win32.whl", hash = "sha256:9ff227395193126d82e60319a673a037d5de84633f11279e336f9c0f189ecc62"},
    {file = "cffi-1.14.5-cp37-cp37m-win_amd64.whl", hash = "sha256:9cf8022fb8d07a97c178b02327b284521c7708d7c71a9c9c355c178ac4bbd3d4"},
    {file = "cffi-1.14.5-cp38-cp38-macosx_10_9_x86_64.whl", hash = "sha256:8b198cec6c72df5289c05b05b8b0969819783f9418e0409865dac47288d2a053"},
    {file = "cffi-1.14.5-cp38-cp38-manylinux1_i686.whl", hash = "sha256:ad17025d226ee5beec591b52800c11680fca3df50b8b29fe51d882576e039ee0"},
    {file = "cffi-1.14.5-cp38-cp38-manylinux1_x86_64.whl", hash = "sha256:6c97d7350133666fbb5cf4abdc1178c812cb205dc6f41d174a7b0f18fb93337e"},
    {file = "cffi-1.14.5-cp38-cp38-manylinux2014_aarch64.whl", hash = "sha256:8ae6299f6c68de06f136f1f9e69458eae58f1dacf10af5c17353eae03aa0d827"},
    {file = "cffi-1.14.5-cp38-cp38-manylinux_2_17_aarch64.manylinux2014_aarch64.whl", hash = "sha256:04c468b622ed31d408fea2346bec5bbffba2cc44226302a0de1ade9f5ea3d373"},
    {file = "cffi-1.14.5-cp38-cp38-manylinux_2_17_ppc64le.manylinux2014_ppc64le.whl", hash = "sha256:06db6321b7a68b2bd6df96d08a5adadc1fa0e8f419226e25b2a5fbf6ccc7350f"},
    {file = "cffi-1.14.5-cp38-cp38-manylinux_2_17_s390x.manylinux2014_s390x.whl", hash = "sha256:293e7ea41280cb28c6fcaaa0b1aa1f533b8ce060b9e701d78511e1e6c4a1de76"},
    {file = "cffi-1.14.5-cp38-cp38-win32.whl", hash = "sha256:b85eb46a81787c50650f2392b9b4ef23e1f126313b9e0e9013b35c15e4288e2e"},
    {file = "cffi-1.14.5-cp38-cp38-win_amd64.whl", hash = "sha256:1f436816fc868b098b0d63b8920de7d208c90a67212546d02f84fe78a9c26396"},
    {file = "cffi-1.14.5-cp39-cp39-macosx_10_9_x86_64.whl", hash = "sha256:1071534bbbf8cbb31b498d5d9db0f274f2f7a865adca4ae429e147ba40f73dea"},
    {file = "cffi-1.14.5-cp39-cp39-manylinux1_i686.whl", hash = "sha256:9de2e279153a443c656f2defd67769e6d1e4163952b3c622dcea5b08a6405322"},
    {file = "cffi-1.14.5-cp39-cp39-manylinux1_x86_64.whl", hash = "sha256:6e4714cc64f474e4d6e37cfff31a814b509a35cb17de4fb1999907575684479c"},
    {file = "cffi-1.14.5-cp39-cp39-manylinux2014_aarch64.whl", hash = "sha256:158d0d15119b4b7ff6b926536763dc0714313aa59e320ddf787502c70c4d4bee"},
    {file = "cffi-1.14.5-cp39-cp39-manylinux_2_17_aarch64.manylinux2014_aarch64.whl", hash = "sha256:1bf1ac1984eaa7675ca8d5745a8cb87ef7abecb5592178406e55858d411eadc0"},
    {file = "cffi-1.14.5-cp39-cp39-manylinux_2_17_ppc64le.manylinux2014_ppc64le.whl", hash = "sha256:df5052c5d867c1ea0b311fb7c3cd28b19df469c056f7fdcfe88c7473aa63e333"},
    {file = "cffi-1.14.5-cp39-cp39-manylinux_2_17_s390x.manylinux2014_s390x.whl", hash = "sha256:24a570cd11895b60829e941f2613a4f79df1a27344cbbb82164ef2e0116f09c7"},
    {file = "cffi-1.14.5-cp39-cp39-win32.whl", hash = "sha256:afb29c1ba2e5a3736f1c301d9d0abe3ec8b86957d04ddfa9d7a6a42b9367e396"},
    {file = "cffi-1.14.5-cp39-cp39-win_amd64.whl", hash = "sha256:f2d45f97ab6bb54753eab54fffe75aaf3de4ff2341c9daee1987ee1837636f1d"},
    {file = "cffi-1.14.5.tar.gz", hash = "sha256:fd78e5fee591709f32ef6edb9a015b4aa1a5022598e36227500c8f4e02328d9c"},
]
click = [
    {file = "click-7.1.2-py2.py3-none-any.whl", hash = "sha256:dacca89f4bfadd5de3d7489b7c8a566eee0d3676333fbb50030263894c38c0dc"},
    {file = "click-7.1.2.tar.gz", hash = "sha256:d2b5255c7c6349bc1bd1e59e08cd12acbbd63ce649f2588755783aa94dfb6b1a"},
]
colorama = [
    {file = "colorama-0.4.4-py2.py3-none-any.whl", hash = "sha256:9f47eda37229f68eee03b24b9748937c7dc3868f906e8ba69fbcbdd3bc5dc3e2"},
    {file = "colorama-0.4.4.tar.gz", hash = "sha256:5941b2b48a20143d2267e95b1c2a7603ce057ee39fd88e7329b0c292aa16869b"},
]
colorlog = [
    {file = "colorlog-5.0.1-py2.py3-none-any.whl", hash = "sha256:4e6be13d9169254e2ded6526a6a4a1abb8ac564f2fa65b310a98e4ca5bea2c04"},
    {file = "colorlog-5.0.1.tar.gz", hash = "sha256:f17c013a06962b02f4449ee07cfdbe6b287df29efc2c9a1515b4a376f4e588ea"},
]
dependency-injector = [
    {file = "dependency-injector-4.34.0.tar.gz", hash = "sha256:06ee13b2a92b24d66a1762bfa6ef68839129ef8bbef3daf8afb764b3a4413593"},
    {file = "dependency_injector-4.34.0-cp27-cp27m-macosx_10_9_x86_64.whl", hash = "sha256:154d4a3cf31e7f050efd11aa20863b9e21d1030b0bb701f5749a22ace831e709"},
    {file = "dependency_injector-4.34.0-cp27-cp27m-manylinux1_i686.whl", hash = "sha256:b27f882807cfd1cf5d89460d29610c0321ea3f54585b90d9d0ceb8ebc1c1ae1e"},
    {file = "dependency_injector-4.34.0-cp27-cp27m-manylinux1_x86_64.whl", hash = "sha256:a9e871c396d434ca45db7b1a13df02d5ade1903ba8dc7c1a97bef37e4baf3c62"},
    {file = "dependency_injector-4.34.0-cp27-cp27m-manylinux2010_i686.whl", hash = "sha256:9476d68867c010894e55c25fc2c41d1bb2201e2addb4c89a960257714ab4dfae"},
    {file = "dependency_injector-4.34.0-cp27-cp27m-manylinux2010_x86_64.whl", hash = "sha256:95a7fa0c35561c765cdc2b222754d991ca529b02930542cc63242538de2311a3"},
    {file = "dependency_injector-4.34.0-cp27-cp27mu-manylinux1_i686.whl", hash = "sha256:9268c657aa39d60c4f2547726c7331eb1b49cc49097e2a7adf06ee4f1ef892a9"},
    {file = "dependency_injector-4.34.0-cp27-cp27mu-manylinux1_x86_64.whl", hash = "sha256:eb20d033c88f4b54f6dc69d3d6c9618d44da52a71a6df8e13ba6f324647298c9"},
    {file = "dependency_injector-4.34.0-cp27-cp27mu-manylinux2010_i686.whl", hash = "sha256:dea4414145248d950ac727b4250734d3f20566c3e34683452b88cae3f9980793"},
    {file = "dependency_injector-4.34.0-cp27-cp27mu-manylinux2010_x86_64.whl", hash = "sha256:f6f958f069c0a3d334e7b1b77530f4e6c1518f560fae44bf3e427669a0c7c1c4"},
    {file = "dependency_injector-4.34.0-cp35-cp35m-macosx_10_9_x86_64.whl", hash = "sha256:f09f282491827651a08e1868575a8f18f48289470bbb9d175f485cf76cabbc7a"},
    {file = "dependency_injector-4.34.0-cp35-cp35m-manylinux1_i686.whl", hash = "sha256:14da54de447f143682416411bad76b974db6b333b9cc5534c12c8a970fe2f07b"},
    {file = "dependency_injector-4.34.0-cp35-cp35m-manylinux1_x86_64.whl", hash = "sha256:2a05b46f1c1022b99ac8ec0c7f266e459c05fb312b6251034442ae9f9b72298f"},
    {file = "dependency_injector-4.34.0-cp35-cp35m-manylinux2010_i686.whl", hash = "sha256:313011fdc5c96d9de6ba04544ca90f89b31ea9cbbf4961e6011c2987e3b55d0e"},
    {file = "dependency_injector-4.34.0-cp35-cp35m-manylinux2010_x86_64.whl", hash = "sha256:63ec7b187ee6e12e279fd55b8f315e85e9f0c25e79f55c0c8782fe657b63fdf3"},
    {file = "dependency_injector-4.34.0-cp35-cp35m-manylinux2014_aarch64.whl", hash = "sha256:085ff3acf3e177bf3cc02ccdb2f90ab041f8ae8684db891b9ca481d905b53d39"},
    {file = "dependency_injector-4.34.0-cp35-cp35m-win32.whl", hash = "sha256:0e5d00948f777e26433d840ca857d81214e0a2140bc3b062bbfa09ebaf943385"},
    {file = "dependency_injector-4.34.0-cp35-cp35m-win_amd64.whl", hash = "sha256:53997b3102b71e619f09f825c9fb8d71836973245c0f69c4f76b2cf68910f2c8"},
    {file = "dependency_injector-4.34.0-cp36-cp36m-macosx_10_9_x86_64.whl", hash = "sha256:471771236fd7756b12882c3ad9c27ebd2814f0ddde8cfe62579f7e9e77fe3528"},
    {file = "dependency_injector-4.34.0-cp36-cp36m-manylinux1_i686.whl", hash = "sha256:b2350e383c26cab5d8509ec90d36cc2e794e1a623f608fcbcd85bccfc102061b"},
    {file = "dependency_injector-4.34.0-cp36-cp36m-manylinux1_x86_64.whl", hash = "sha256:ca02bcf2a87a10a4c93d3cb4fc908592da97a18c406f2331902983ed92c9dc82"},
    {file = "dependency_injector-4.34.0-cp36-cp36m-manylinux2010_i686.whl", hash = "sha256:9630f9f8a3fb659c25eb661c172c73b7586e122bdee62c46717b64da1394b133"},
    {file = "dependency_injector-4.34.0-cp36-cp36m-manylinux2010_x86_64.whl", hash = "sha256:e6aa2e761396ec248effa05b4574268cd750530b8b91bbf52143eace0ba5ce37"},
    {file = "dependency_injector-4.34.0-cp36-cp36m-manylinux2014_aarch64.whl", hash = "sha256:e5f2e4f000d34d5664396eaa4ca0fde02d8771f527f44b37877b1d8ea3c3d02f"},
    {file = "dependency_injector-4.34.0-cp36-cp36m-win32.whl", hash = "sha256:1ea3b1417d765cd73fc344c3acf7ba45662b6afae85604ed6ccad71a9aec5df1"},
    {file = "dependency_injector-4.34.0-cp36-cp36m-win_amd64.whl", hash = "sha256:3415456430ebcfe89c7baaa035450d3591e7597caaba8a71fc50a03fdfedcf5c"},
    {file = "dependency_injector-4.34.0-cp37-cp37m-macosx_10_9_x86_64.whl", hash = "sha256:bbc0f74b96c89502fbeab022e1bbee1f70b61bbacef4085510da05048e961fb1"},
    {file = "dependency_injector-4.34.0-cp37-cp37m-manylinux1_i686.whl", hash = "sha256:5b69f63820a501d2ccf18cac97ca82c6411335bb23d7c900b521b54e3c3f2905"},
    {file = "dependency_injector-4.34.0-cp37-cp37m-manylinux1_x86_64.whl", hash = "sha256:027d894b81a1390a360c4df483f2f90b31c0412c173a8b90c9607f5dd337eaea"},
    {file = "dependency_injector-4.34.0-cp37-cp37m-manylinux2010_i686.whl", hash = "sha256:d7fb808a8c67674dd3d2206b5ddb343ea22849f22b75a8df2a95a655c0730d7a"},
    {file = "dependency_injector-4.34.0-cp37-cp37m-manylinux2010_x86_64.whl", hash = "sha256:a9475fb82275498c5f76152ba19024571cd428face3c2c9bbc26b91198fd8ea2"},
    {file = "dependency_injector-4.34.0-cp37-cp37m-manylinux2014_aarch64.whl", hash = "sha256:c50747d6a77a5f2ab1c2e7ffedb1abfdd75ab8036c3d25f023d9060071b8d149"},
    {file = "dependency_injector-4.34.0-cp37-cp37m-win32.whl", hash = "sha256:a2a1e56b8603e8049e989ca5ccd0975a080bba6f6d9251747f3eb4c159f51993"},
    {file = "dependency_injector-4.34.0-cp37-cp37m-win_amd64.whl", hash = "sha256:6fc3f32ad09a9766f052f2f6bce076d67442b1053c085d068e865799a9245522"},
    {file = "dependency_injector-4.34.0-cp38-cp38-macosx_10_9_x86_64.whl", hash = "sha256:bc7f85df4197c01683dc5e04653bc6f13d99b8cdc27b9fcf224ec65ceca2bac0"},
    {file = "dependency_injector-4.34.0-cp38-cp38-manylinux1_i686.whl", hash = "sha256:33ee3a251805913e8986f7b3a0357859b692f82e48f7b6cd6c340e5395fdaf97"},
    {file = "dependency_injector-4.34.0-cp38-cp38-manylinux1_x86_64.whl", hash = "sha256:9ae6d58b41f3b4a979a06e17abb5604becbf624675fd990c6c3284c1ef86366e"},
    {file = "dependency_injector-4.34.0-cp38-cp38-manylinux2010_i686.whl", hash = "sha256:0c643784ba3639f722fe0863353ea8e4e52abcb9911b651ad5dead59b2f4e0df"},
    {file = "dependency_injector-4.34.0-cp38-cp38-manylinux2010_x86_64.whl", hash = "sha256:eb99cae5bd94e875088ccf20663a58e15b9401e325bc04f7021825dec64b76ce"},
    {file = "dependency_injector-4.34.0-cp38-cp38-manylinux2014_aarch64.whl", hash = "sha256:d734a1f8de36b6cfda6f2a9b1e9df384fe330cc1efcbfd77c0c89e5d6078eae9"},
    {file = "dependency_injector-4.34.0-cp38-cp38-win32.whl", hash = "sha256:3ffa1c77f88cf1b4728ec6e137f1103b1d195c3c6b26c0edab7a0a1a8a7922ac"},
    {file = "dependency_injector-4.34.0-cp38-cp38-win_amd64.whl", hash = "sha256:05f69a9439fd3ce3c981df8cd1458b47fcea84476c7a758fcd8f4a589ff37f29"},
    {file = "dependency_injector-4.34.0-cp39-cp39-macosx_10_9_x86_64.whl", hash = "sha256:80efa046792bdad48dad7f80662e2b272373272937c82c227c23352ba33e3d2a"},
    {file = "dependency_injector-4.34.0-cp39-cp39-manylinux1_i686.whl", hash = "sha256:41cf8289e339869d966d7b71bda156d54c73f45ff4d4155bc9a82f8a8a5ed489"},
    {file = "dependency_injector-4.34.0-cp39-cp39-manylinux1_x86_64.whl", hash = "sha256:f0bf6dbf6c8d3507d8bc991786dfdabf196e32a4c9f13c313f7fd118f2626fc5"},
    {file = "dependency_injector-4.34.0-cp39-cp39-manylinux2010_i686.whl", hash = "sha256:1bfb94c5f933fa92555a9d14b742895fd82bbdd5cf1ab91364d8e53bd49d8cf0"},
    {file = "dependency_injector-4.34.0-cp39-cp39-manylinux2010_x86_64.whl", hash = "sha256:d91549f9352bdb6c2cd4bc439b0b25ea71986841cce0472ced635a9a569ae4bb"},
    {file = "dependency_injector-4.34.0-cp39-cp39-manylinux2014_aarch64.whl", hash = "sha256:1bb145003cecefc99569dd691048a655c9eb47b8e6164cbba650e5a6bf9cbb49"},
    {file = "dependency_injector-4.34.0-cp39-cp39-win32.whl", hash = "sha256:66ecb9c9824d61e18fb668aaaf12af85e5d77738a79ef2182751978e12e49582"},
    {file = "dependency_injector-4.34.0-cp39-cp39-win_amd64.whl", hash = "sha256:587dcb3733a04f88189df01cb36ba638ebfab7480bffe54b4eea2cdc5d480726"},
    {file = "dependency_injector-4.34.0-pp27-pypy_73-macosx_10_9_x86_64.whl", hash = "sha256:95c45e5773272c7738f2b67db1fbfa0bbb81b1ec536c6d2a9303b31ca40152a8"},
    {file = "dependency_injector-4.34.0-pp27-pypy_73-manylinux1_x86_64.whl", hash = "sha256:cccadb5b5bd9cf8babacbc3b45177e2307e56d5362314ce1662e0dca14d1e90f"},
    {file = "dependency_injector-4.34.0-pp27-pypy_73-manylinux2010_x86_64.whl", hash = "sha256:f3ffe847f11cd068d72a07f6ef51fc2c401a6f35f33ca2c29afe592ba7f60b01"},
    {file = "dependency_injector-4.34.0-pp27-pypy_73-win32.whl", hash = "sha256:e95881be16b2276592737c5929d4e369585c321b43efb599d6e784cbad312ddf"},
    {file = "dependency_injector-4.34.0-pp36-pypy36_pp73-macosx_10_9_x86_64.whl", hash = "sha256:ec3969a4fe51bcd9785948aa6c4322b9a1f3ceb80f8713f79887375d4e3c9eae"},
    {file = "dependency_injector-4.34.0-pp36-pypy36_pp73-manylinux1_x86_64.whl", hash = "sha256:132869ac5182b1c3041a0bc8d944a52c8133a001eb5c588a6289d0d2a7ea0215"},
    {file = "dependency_injector-4.34.0-pp36-pypy36_pp73-manylinux2010_x86_64.whl", hash = "sha256:743a2dfef964dd87c7e86896e99926c7d78ba20bc85277926f44e5093005402d"},
    {file = "dependency_injector-4.34.0-pp36-pypy36_pp73-win32.whl", hash = "sha256:9ca57071ca02c732136714a2d1f11e1b9e14b355182530f5c5e1d15218e5a584"},
    {file = "dependency_injector-4.34.0-pp37-pypy37_pp73-macosx_10_9_x86_64.whl", hash = "sha256:2ddd66093a61dc5be94a976ce0d3f5402e8abe17b7280c7cbc449e5bf863ecc0"},
    {file = "dependency_injector-4.34.0-pp37-pypy37_pp73-manylinux1_x86_64.whl", hash = "sha256:a82f03e3e8c4a85680b2c663dc1d788bb37126146839326cc94de5fb5028d006"},
    {file = "dependency_injector-4.34.0-pp37-pypy37_pp73-manylinux2010_x86_64.whl", hash = "sha256:52b11724647e3ed821615d22fb2b3d04bb2e9d58c18b8a2da0e5505ed183a24c"},
    {file = "dependency_injector-4.34.0-pp37-pypy37_pp73-win32.whl", hash = "sha256:2f0e3298a1323ce2c10786811261837ea6d061bcee307d01d2c9945e64005895"},
]
fastavro = [
    {file = "fastavro-1.4.2-cp36-cp36m-macosx_10_14_x86_64.whl", hash = "sha256:6d9bde5d374da2f4f4ce67acc7d5a2e22a7d50f73a77ad60408819fa2b178462"},
    {file = "fastavro-1.4.2-cp36-cp36m-manylinux_2_17_x86_64.manylinux2014_x86_64.whl", hash = "sha256:10caace4785a7917ef9eb5d4721b9e8a060e208973225b6c379f9e757a981d16"},
    {file = "fastavro-1.4.2-cp36-cp36m-win_amd64.whl", hash = "sha256:8d37a0b83db0c0e00874cf78f927ddfadef12d54e7f42877d33c92431812f850"},
    {file = "fastavro-1.4.2-cp37-cp37m-macosx_10_14_x86_64.whl", hash = "sha256:982f01dc8438e75df7ee5e1b2f9dd430b8eefc6c14fd3344d95351d0cf32e99c"},
    {file = "fastavro-1.4.2-cp37-cp37m-manylinux_2_17_x86_64.manylinux2014_x86_64.whl", hash = "sha256:f6bff1ecf1b0129d77ebcf76cebe4d16ae56a85f1ff1ef7040989b3500576805"},
    {file = "fastavro-1.4.2-cp37-cp37m-win_amd64.whl", hash = "sha256:b3644e058d0229aece00ca84ba7c59a7992a3828bd64abfd2ae90e1b1387dba5"},
    {file = "fastavro-1.4.2-cp38-cp38-macosx_10_14_x86_64.whl", hash = "sha256:bb73d874b9db7056473d4fcd1bd91c90ca8f3e828c13dfc3ca62771f86874b5b"},
    {file = "fastavro-1.4.2-cp38-cp38-manylinux_2_17_x86_64.manylinux2014_x86_64.whl", hash = "sha256:7e5e5c0325c773721d40f069736bf7de018c89e8ce295df7155b4f401b78dcc0"},
    {file = "fastavro-1.4.2-cp38-cp38-win_amd64.whl", hash = "sha256:cdcae144dfd3e9edfcd514ccff50648a826a3dcccb1427e19bcaf103a84024ea"},
    {file = "fastavro-1.4.2-cp39-cp39-macosx_10_14_x86_64.whl", hash = "sha256:70dc160d0390a9a4a035d25525d884e0c2ddee5d0a1e0cb278f4357bed65c832"},
    {file = "fastavro-1.4.2-cp39-cp39-manylinux_2_17_x86_64.manylinux2014_x86_64.whl", hash = "sha256:070cb4050df5a71f4892ce58826bb5773c4dd276209a0213c48d06b771355c6c"},
    {file = "fastavro-1.4.2-cp39-cp39-win_amd64.whl", hash = "sha256:ce316ef3ce250e1b2e36cd38ca66dcf2a3f8da8a47fb15e9af674514fa23d8a7"},
    {file = "fastavro-1.4.2.tar.gz", hash = "sha256:41a15918344723748ca2f3f3887d72d22aaeed4578420d054170aaf9f9c0ec9f"},
]
lmdb = [
    {file = "lmdb-1.2.1-cp27-cp27m-macosx_10_14_x86_64.whl", hash = "sha256:b82b6aa214b76a1887038ff41c9693091f036ea94573244c369e724691ef244a"},
    {file = "lmdb-1.2.1-cp27-cp27m-win_amd64.whl", hash = "sha256:2339775216c4b7e3c069c783e83e9ce411c2a47d92fd0e892e6c1fc3d2133f2e"},
    {file = "lmdb-1.2.1-cp35-cp35m-macosx_10_14_x86_64.whl", hash = "sha256:f57cac501dc7ad64ef1d591111d66831a90372bcc8ca99f3cb31fc0f31327845"},
    {file = "lmdb-1.2.1-cp35-cp35m-manylinux2010_x86_64.whl", hash = "sha256:ede038cfede40a8993a6d4d60766e2b30a7c221bb8c135f081f821195314847a"},
    {file = "lmdb-1.2.1-cp35-cp35m-win_amd64.whl", hash = "sha256:fc69ccd16490ed00bbf4dc763f6608359b24d05b36c6be5614a603c40c5c65da"},
    {file = "lmdb-1.2.1-cp36-cp36m-macosx_10_14_x86_64.whl", hash = "sha256:fae3bb48c9e0c9e24826ddf4235a870c13d879716fe93ac0ebb74ddb27781fa0"},
    {file = "lmdb-1.2.1-cp36-cp36m-manylinux2010_x86_64.whl", hash = "sha256:69c39615c836cb9623d4d9de020e7ffcf1379eb09bd6e9ead06dc20076b95302"},
    {file = "lmdb-1.2.1-cp36-cp36m-win_amd64.whl", hash = "sha256:19f1f6d6cda5d68fc6a9bb89fe9b756efa2d9b4a67fe40bba6c6c64ea6bf8214"},
    {file = "lmdb-1.2.1-cp37-cp37m-macosx_10_14_x86_64.whl", hash = "sha256:dbdab589468a948bd0a38b9b88550fbdde72cf4e1f6cdbe71f7c7d5583be8b11"},
    {file = "lmdb-1.2.1-cp37-cp37m-manylinux2010_x86_64.whl", hash = "sha256:029557e196abff74bce07f345716d903f5a8b89ce3e33cd2355be5832769b612"},
    {file = "lmdb-1.2.1-cp37-cp37m-win_amd64.whl", hash = "sha256:e7e9a4d33fe66d7c748c05731d6ba82855fb68d726d5d8f90fb5c70d99089b02"},
    {file = "lmdb-1.2.1-cp38-cp38-macosx_10_14_x86_64.whl", hash = "sha256:afde819615b133f44267b1df02c6bd69afe084589e685345c1a0f4b76eced80b"},
    {file = "lmdb-1.2.1-cp38-cp38-manylinux2010_x86_64.whl", hash = "sha256:ca09603a8cb3df32bff752aacd390d2c5542ecd1a9b6cf91091d25bd63df844a"},
    {file = "lmdb-1.2.1-cp38-cp38-win_amd64.whl", hash = "sha256:a4602435c80bc61950bb674b3627539ebee7b83c4c309db1e78d80e56b0c5b4a"},
    {file = "lmdb-1.2.1-cp39-cp39-macosx_10_14_x86_64.whl", hash = "sha256:49623b966ac9c8b6560c73b2a5a06ae421edc01064ca32489ac2fde2b4060535"},
    {file = "lmdb-1.2.1-cp39-cp39-manylinux2010_x86_64.whl", hash = "sha256:7abb0b9be8e7ce39184338bdcdc8f9743c7856018014347e27d221f923bcd42c"},
    {file = "lmdb-1.2.1-cp39-cp39-win_amd64.whl", hash = "sha256:eaac3e8d5273acfea547a3414eb7dea72324e59d003ae792769522f9b62c47b2"},
    {file = "lmdb-1.2.1-pp27-pypy_73-macosx_10_7_x86_64.whl", hash = "sha256:d39d6d21c342066d343bbbf651a50b943a6133f0163c9ddad8b70bab24f390f5"},
    {file = "lmdb-1.2.1-pp27-pypy_73-win32.whl", hash = "sha256:ba652664a63a65215037d59e740f35f8f1724f7dc64203b6101139f0f65708de"},
    {file = "lmdb-1.2.1-pp36-pypy36_pp73-macosx_10_7_x86_64.whl", hash = "sha256:33aac3b528cca2bf78d2aab93e25d839fd7e5950929b7050a4afe02cd5256462"},
    {file = "lmdb-1.2.1-pp36-pypy36_pp73-win32.whl", hash = "sha256:6dc9c23f37c18db7ec9ea9fa2bb6c3b4e325aa8d3558797860f8c9fee9baf49e"},
    {file = "lmdb-1.2.1.tar.gz", hash = "sha256:5f76a90ebd08922acca11948779b5055f7a262687178e9e94f4e804b9f8465bc"},
]
minos-microservice-common = [
    {file = "minos_microservice_common-0.1.2-py3-none-any.whl", hash = "sha256:340ae2f628e7b215a3eab39543da584c6c3116a89743b32c2270139911782995"},
    {file = "minos_microservice_common-0.1.2.tar.gz", hash = "sha256:5cb1c7fd105d0ed5ad5819f32889a2913c2fd2f49452b858b6d9d67712aeca18"},
]
minos-microservice-saga = [
    {file = "minos_microservice_saga-0.0.6-py3-none-any.whl", hash = "sha256:1de98df097a3fe0fd53ec4a79a26a4e3fd2d55e0a7abedb3685536fca0e8ce98"},
    {file = "minos_microservice_saga-0.0.6.tar.gz", hash = "sha256:b4ec4a4aaa16abe4082388f4f0ac48eb2e50eea2e70cfa7420e43d29390f177d"},
]
more-itertools = [
    {file = "more-itertools-8.8.0.tar.gz", hash = "sha256:83f0308e05477c68f56ea3a888172c78ed5d5b3c282addb67508e7ba6c8f813a"},
    {file = "more_itertools-8.8.0-py3-none-any.whl", hash = "sha256:2cf89ec599962f2ddc4d568a05defc40e0a587fbc10d5989713638864c36be4d"},
]
orjson = [
    {file = "orjson-3.5.4-cp310-cp310-manylinux_2_24_aarch64.whl", hash = "sha256:cc687744ee2707ac68467273c4bf371b4c73c50c412bd0053ae8357ad380884e"},
    {file = "orjson-3.5.4-cp310-cp310-manylinux_2_24_x86_64.whl", hash = "sha256:12f45867b0de52487ce2d739cb7f0d7a912ddec897a9fd1781173285e66334d0"},
    {file = "orjson-3.5.4-cp36-cp36m-macosx_10_7_x86_64.whl", hash = "sha256:50e97976f6a94076c0f99efb05782ea102c64e4d392160ba44bd519d5324185e"},
    {file = "orjson-3.5.4-cp36-cp36m-macosx_10_9_x86_64.macosx_11_0_arm64.macosx_10_9_universal2.whl", hash = "sha256:66dba60d015396391012beeb1543cb78b16b96e7ceb0045cddac03c08cdea6fa"},
    {file = "orjson-3.5.4-cp36-cp36m-manylinux_2_17_aarch64.manylinux2014_aarch64.whl", hash = "sha256:d2e5b550981843d5737e76b773e0ab0a8f10c6a519aadd0f1edc66b3362afd9c"},
    {file = "orjson-3.5.4-cp36-cp36m-manylinux_2_17_x86_64.manylinux2014_x86_64.whl", hash = "sha256:48e93a1297f5021457c50cbeca72ef763fb481509c8d10b1eae41e6aa7350173"},
    {file = "orjson-3.5.4-cp36-none-win_amd64.whl", hash = "sha256:2ab6607a104efba1ed8994095c417555712a727290426249961bb75deef80d7e"},
    {file = "orjson-3.5.4-cp37-cp37m-macosx_10_7_x86_64.whl", hash = "sha256:486cf365bae0a0b6a3a7d0920519be4c0c293d8ddaa3882eb2a06253c427c1fa"},
    {file = "orjson-3.5.4-cp37-cp37m-macosx_10_9_x86_64.macosx_11_0_arm64.macosx_10_9_universal2.whl", hash = "sha256:ea9657b3662105180a959b25368b7309827133aef3df7ef2bdd18aebdc1edec2"},
    {file = "orjson-3.5.4-cp37-cp37m-manylinux_2_17_aarch64.manylinux2014_aarch64.whl", hash = "sha256:0b2a0f926a05ebe3f90da6aaff406f0ab1507d6fc6c5e2202a84fc64d2d0f167"},
    {file = "orjson-3.5.4-cp37-cp37m-manylinux_2_17_x86_64.manylinux2014_x86_64.whl", hash = "sha256:57d38172b3b010efa5d2bd83df612353028570fc3fc5cecba743df98624c43bf"},
    {file = "orjson-3.5.4-cp37-none-win_amd64.whl", hash = "sha256:945143f8e88c57cf105418c882c8dd998bac24a4425dc17b7ea2fcf3c8edeedc"},
    {file = "orjson-3.5.4-cp38-cp38-macosx_10_7_x86_64.whl", hash = "sha256:432cd966bae77956e26ecc8f6c6ac9bbd2d108593c70f388305c3cb1990a1614"},
    {file = "orjson-3.5.4-cp38-cp38-macosx_10_9_x86_64.macosx_11_0_arm64.macosx_10_9_universal2.whl", hash = "sha256:7ab65d949318c13111432d222f2bad7e1990f482fb80c0704edf3b5c419d3a8b"},
    {file = "orjson-3.5.4-cp38-cp38-manylinux_2_17_aarch64.manylinux2014_aarch64.whl", hash = "sha256:b76528ae585c7de70f466f8cc60798507c7b2ce1f15a6bb127de68b5ebfb8e42"},
    {file = "orjson-3.5.4-cp38-cp38-manylinux_2_17_x86_64.manylinux2014_x86_64.whl", hash = "sha256:ab65e7f1f5fa3bf45cac52579e481cc5f67af70539b1f2d806ce58e8907bee8b"},
    {file = "orjson-3.5.4-cp38-none-win_amd64.whl", hash = "sha256:6844fb152d9449405fb4f9f930d1ae98a893539025b22f3b22b8a85b6c86edce"},
    {file = "orjson-3.5.4-cp39-cp39-macosx_10_7_x86_64.whl", hash = "sha256:f4ef393053ef9d928def45468f84b8a850624c25e6960285b97ab5cfe03d5e45"},
    {file = "orjson-3.5.4-cp39-cp39-macosx_10_9_x86_64.macosx_11_0_arm64.macosx_10_9_universal2.whl", hash = "sha256:4c91dcc78a1e9022f8b08a20dca7e3b517582173e468a04193f0309025910496"},
    {file = "orjson-3.5.4-cp39-cp39-manylinux_2_17_aarch64.manylinux2014_aarch64.whl", hash = "sha256:751858f4b22e43d2a68df876b414ec2a988ceef326f520b372f5695b3937b533"},
    {file = "orjson-3.5.4-cp39-cp39-manylinux_2_17_x86_64.manylinux2014_x86_64.whl", hash = "sha256:5d39eea5bb3387e0dda3035bc7befca9e54cd707c636e9831b8814db1569d3c3"},
    {file = "orjson-3.5.4-cp39-cp39-manylinux_2_24_x86_64.whl", hash = "sha256:872eae46544f47fd94ee8f433496a428bf170fb41fbacfe72cd3a15af55ecfff"},
    {file = "orjson-3.5.4-cp39-none-win_amd64.whl", hash = "sha256:d94f490da4e2f2f31e21acd1df8d6b2a8ee37e9872ef81b5a50e94c35d8f8c25"},
    {file = "orjson-3.5.4.tar.gz", hash = "sha256:ff518ad10adf5fdefe20e1098b55710d73ac6774bd6840e6edb2a3b55d640240"},
]
packaging = [
    {file = "packaging-21.0-py3-none-any.whl", hash = "sha256:c86254f9220d55e31cc94d69bade760f0847da8000def4dfe1c6b872fd14ff14"},
    {file = "packaging-21.0.tar.gz", hash = "sha256:7dc96269f53a4ccec5c0670940a4281106dd0bb343f47b7471f779df49c2fbe7"},
]
pluggy = [
    {file = "pluggy-0.13.1-py2.py3-none-any.whl", hash = "sha256:966c145cd83c96502c3c3868f50408687b38434af77734af1e9ca461a4081d2d"},
    {file = "pluggy-0.13.1.tar.gz", hash = "sha256:15b2acde666561e1298d71b523007ed7364de07029219b604cf808bfa1c765b0"},
]
psycopg2-binary = [
    {file = "psycopg2-binary-2.9.1.tar.gz", hash = "sha256:b0221ca5a9837e040ebf61f48899926b5783668b7807419e4adae8175a31f773"},
    {file = "psycopg2_binary-2.9.1-cp36-cp36m-macosx_10_14_x86_64.macosx_10_9_intel.macosx_10_9_x86_64.macosx_10_10_intel.macosx_10_10_x86_64.whl", hash = "sha256:c250a7ec489b652c892e4f0a5d122cc14c3780f9f643e1a326754aedf82d9a76"},
    {file = "psycopg2_binary-2.9.1-cp36-cp36m-manylinux_2_17_i686.manylinux2014_i686.whl", hash = "sha256:aef9aee84ec78af51107181d02fe8773b100b01c5dfde351184ad9223eab3698"},
    {file = "psycopg2_binary-2.9.1-cp36-cp36m-manylinux_2_17_x86_64.manylinux2014_x86_64.whl", hash = "sha256:123c3fb684e9abfc47218d3784c7b4c47c8587951ea4dd5bc38b6636ac57f616"},
    {file = "psycopg2_binary-2.9.1-cp36-cp36m-manylinux_2_24_aarch64.whl", hash = "sha256:995fc41ebda5a7a663a254a1dcac52638c3e847f48307b5416ee373da15075d7"},
    {file = "psycopg2_binary-2.9.1-cp36-cp36m-manylinux_2_24_ppc64le.whl", hash = "sha256:fbb42a541b1093385a2d8c7eec94d26d30437d0e77c1d25dae1dcc46741a385e"},
    {file = "psycopg2_binary-2.9.1-cp36-cp36m-win32.whl", hash = "sha256:20f1ab44d8c352074e2d7ca67dc00843067788791be373e67a0911998787ce7d"},
    {file = "psycopg2_binary-2.9.1-cp36-cp36m-win_amd64.whl", hash = "sha256:f6fac64a38f6768e7bc7b035b9e10d8a538a9fadce06b983fb3e6fa55ac5f5ce"},
    {file = "psycopg2_binary-2.9.1-cp37-cp37m-macosx_10_14_x86_64.macosx_10_9_intel.macosx_10_9_x86_64.macosx_10_10_intel.macosx_10_10_x86_64.whl", hash = "sha256:1e3a362790edc0a365385b1ac4cc0acc429a0c0d662d829a50b6ce743ae61b5a"},
    {file = "psycopg2_binary-2.9.1-cp37-cp37m-manylinux_2_17_i686.manylinux2014_i686.whl", hash = "sha256:f8559617b1fcf59a9aedba2c9838b5b6aa211ffedecabca412b92a1ff75aac1a"},
    {file = "psycopg2_binary-2.9.1-cp37-cp37m-manylinux_2_17_x86_64.manylinux2014_x86_64.whl", hash = "sha256:a36c7eb6152ba5467fb264d73844877be8b0847874d4822b7cf2d3c0cb8cdcb0"},
    {file = "psycopg2_binary-2.9.1-cp37-cp37m-manylinux_2_24_aarch64.whl", hash = "sha256:2f62c207d1740b0bde5c4e949f857b044818f734a3d57f1d0d0edc65050532ed"},
    {file = "psycopg2_binary-2.9.1-cp37-cp37m-manylinux_2_24_ppc64le.whl", hash = "sha256:cfc523edecddaef56f6740d7de1ce24a2fdf94fd5e704091856a201872e37f9f"},
    {file = "psycopg2_binary-2.9.1-cp37-cp37m-win32.whl", hash = "sha256:1e85b74cbbb3056e3656f1cc4781294df03383127a8114cbc6531e8b8367bf1e"},
    {file = "psycopg2_binary-2.9.1-cp37-cp37m-win_amd64.whl", hash = "sha256:1473c0215b0613dd938db54a653f68251a45a78b05f6fc21af4326f40e8360a2"},
    {file = "psycopg2_binary-2.9.1-cp38-cp38-macosx_10_14_x86_64.macosx_10_9_intel.macosx_10_9_x86_64.macosx_10_10_intel.macosx_10_10_x86_64.whl", hash = "sha256:35c4310f8febe41f442d3c65066ca93cccefd75013df3d8c736c5b93ec288140"},
    {file = "psycopg2_binary-2.9.1-cp38-cp38-manylinux_2_17_i686.manylinux2014_i686.whl", hash = "sha256:8c13d72ed6af7fd2c8acbd95661cf9477f94e381fce0792c04981a8283b52917"},
    {file = "psycopg2_binary-2.9.1-cp38-cp38-manylinux_2_17_x86_64.manylinux2014_x86_64.whl", hash = "sha256:14db1752acdd2187d99cb2ca0a1a6dfe57fc65c3281e0f20e597aac8d2a5bd90"},
    {file = "psycopg2_binary-2.9.1-cp38-cp38-manylinux_2_24_aarch64.whl", hash = "sha256:aed4a9a7e3221b3e252c39d0bf794c438dc5453bc2963e8befe9d4cd324dff72"},
    {file = "psycopg2_binary-2.9.1-cp38-cp38-manylinux_2_24_ppc64le.whl", hash = "sha256:da113b70f6ec40e7d81b43d1b139b9db6a05727ab8be1ee559f3a69854a69d34"},
    {file = "psycopg2_binary-2.9.1-cp38-cp38-win32.whl", hash = "sha256:4235f9d5ddcab0b8dbd723dca56ea2922b485ea00e1dafacf33b0c7e840b3d32"},
    {file = "psycopg2_binary-2.9.1-cp38-cp38-win_amd64.whl", hash = "sha256:988b47ac70d204aed01589ed342303da7c4d84b56c2f4c4b8b00deda123372bf"},
    {file = "psycopg2_binary-2.9.1-cp39-cp39-macosx_10_14_x86_64.macosx_10_9_intel.macosx_10_9_x86_64.macosx_10_10_intel.macosx_10_10_x86_64.whl", hash = "sha256:7360647ea04db2e7dff1648d1da825c8cf68dc5fbd80b8fb5b3ee9f068dcd21a"},
    {file = "psycopg2_binary-2.9.1-cp39-cp39-manylinux_2_17_i686.manylinux2014_i686.whl", hash = "sha256:ca86db5b561b894f9e5f115d6a159fff2a2570a652e07889d8a383b5fae66eb4"},
    {file = "psycopg2_binary-2.9.1-cp39-cp39-manylinux_2_17_x86_64.manylinux2014_x86_64.whl", hash = "sha256:5ced67f1e34e1a450cdb48eb53ca73b60aa0af21c46b9b35ac3e581cf9f00e31"},
    {file = "psycopg2_binary-2.9.1-cp39-cp39-manylinux_2_24_aarch64.whl", hash = "sha256:0f2e04bd2a2ab54fa44ee67fe2d002bb90cee1c0f1cc0ebc3148af7b02034cbd"},
    {file = "psycopg2_binary-2.9.1-cp39-cp39-manylinux_2_24_ppc64le.whl", hash = "sha256:3242b9619de955ab44581a03a64bdd7d5e470cc4183e8fcadd85ab9d3756ce7a"},
    {file = "psycopg2_binary-2.9.1-cp39-cp39-win32.whl", hash = "sha256:0b7dae87f0b729922e06f85f667de7bf16455d411971b2043bbd9577af9d1975"},
    {file = "psycopg2_binary-2.9.1-cp39-cp39-win_amd64.whl", hash = "sha256:b4d7679a08fea64573c969f6994a2631908bb2c0e69a7235648642f3d2e39a68"},
]
py = [
    {file = "py-1.10.0-py2.py3-none-any.whl", hash = "sha256:3b80836aa6d1feeaa108e046da6423ab8f6ceda6468545ae8d02d9d58d18818a"},
    {file = "py-1.10.0.tar.gz", hash = "sha256:21b81bda15b66ef5e1a777a21c4dcd9c20ad3efd0b3f817e7a809035269e1bd3"},
]
pycparser = [
    {file = "pycparser-2.20-py2.py3-none-any.whl", hash = "sha256:7582ad22678f0fcd81102833f60ef8d0e57288b6b5fb00323d101be910e35705"},
    {file = "pycparser-2.20.tar.gz", hash = "sha256:2d475327684562c3a96cc71adf7dc8c4f0565175cf86b6d7a404ff4c771f15f0"},
]
pyparsing = [
    {file = "pyparsing-2.4.7-py2.py3-none-any.whl", hash = "sha256:ef9d7589ef3c200abe66653d3f1ab1033c3c419ae9b9bdb1240a85b024efc88b"},
    {file = "pyparsing-2.4.7.tar.gz", hash = "sha256:c203ec8783bf771a155b207279b9bccb8dea02d8f0c9e5f8ead507bc3246ecc1"},
]
pytest = [
    {file = "pytest-5.4.3-py3-none-any.whl", hash = "sha256:5c0db86b698e8f170ba4582a492248919255fcd4c79b1ee64ace34301fb589a1"},
    {file = "pytest-5.4.3.tar.gz", hash = "sha256:7979331bfcba207414f5e1263b5a0f8f521d0f457318836a7355531ed1a4c7d8"},
]
pyyaml = [
    {file = "PyYAML-5.4.1-cp27-cp27m-macosx_10_9_x86_64.whl", hash = "sha256:3b2b1824fe7112845700f815ff6a489360226a5609b96ec2190a45e62a9fc922"},
    {file = "PyYAML-5.4.1-cp27-cp27m-win32.whl", hash = "sha256:129def1b7c1bf22faffd67b8f3724645203b79d8f4cc81f674654d9902cb4393"},
    {file = "PyYAML-5.4.1-cp27-cp27m-win_amd64.whl", hash = "sha256:4465124ef1b18d9ace298060f4eccc64b0850899ac4ac53294547536533800c8"},
    {file = "PyYAML-5.4.1-cp27-cp27mu-manylinux1_x86_64.whl", hash = "sha256:bb4191dfc9306777bc594117aee052446b3fa88737cd13b7188d0e7aa8162185"},
    {file = "PyYAML-5.4.1-cp36-cp36m-macosx_10_9_x86_64.whl", hash = "sha256:6c78645d400265a062508ae399b60b8c167bf003db364ecb26dcab2bda048253"},
    {file = "PyYAML-5.4.1-cp36-cp36m-manylinux1_x86_64.whl", hash = "sha256:4e0583d24c881e14342eaf4ec5fbc97f934b999a6828693a99157fde912540cc"},
    {file = "PyYAML-5.4.1-cp36-cp36m-manylinux2014_aarch64.whl", hash = "sha256:72a01f726a9c7851ca9bfad6fd09ca4e090a023c00945ea05ba1638c09dc3347"},
    {file = "PyYAML-5.4.1-cp36-cp36m-manylinux2014_s390x.whl", hash = "sha256:895f61ef02e8fed38159bb70f7e100e00f471eae2bc838cd0f4ebb21e28f8541"},
    {file = "PyYAML-5.4.1-cp36-cp36m-win32.whl", hash = "sha256:3bd0e463264cf257d1ffd2e40223b197271046d09dadf73a0fe82b9c1fc385a5"},
    {file = "PyYAML-5.4.1-cp36-cp36m-win_amd64.whl", hash = "sha256:e4fac90784481d221a8e4b1162afa7c47ed953be40d31ab4629ae917510051df"},
    {file = "PyYAML-5.4.1-cp37-cp37m-macosx_10_9_x86_64.whl", hash = "sha256:5accb17103e43963b80e6f837831f38d314a0495500067cb25afab2e8d7a4018"},
    {file = "PyYAML-5.4.1-cp37-cp37m-manylinux1_x86_64.whl", hash = "sha256:e1d4970ea66be07ae37a3c2e48b5ec63f7ba6804bdddfdbd3cfd954d25a82e63"},
    {file = "PyYAML-5.4.1-cp37-cp37m-manylinux2014_aarch64.whl", hash = "sha256:cb333c16912324fd5f769fff6bc5de372e9e7a202247b48870bc251ed40239aa"},
    {file = "PyYAML-5.4.1-cp37-cp37m-manylinux2014_s390x.whl", hash = "sha256:fe69978f3f768926cfa37b867e3843918e012cf83f680806599ddce33c2c68b0"},
    {file = "PyYAML-5.4.1-cp37-cp37m-win32.whl", hash = "sha256:dd5de0646207f053eb0d6c74ae45ba98c3395a571a2891858e87df7c9b9bd51b"},
    {file = "PyYAML-5.4.1-cp37-cp37m-win_amd64.whl", hash = "sha256:08682f6b72c722394747bddaf0aa62277e02557c0fd1c42cb853016a38f8dedf"},
    {file = "PyYAML-5.4.1-cp38-cp38-macosx_10_9_x86_64.whl", hash = "sha256:d2d9808ea7b4af864f35ea216be506ecec180628aced0704e34aca0b040ffe46"},
    {file = "PyYAML-5.4.1-cp38-cp38-manylinux1_x86_64.whl", hash = "sha256:8c1be557ee92a20f184922c7b6424e8ab6691788e6d86137c5d93c1a6ec1b8fb"},
    {file = "PyYAML-5.4.1-cp38-cp38-manylinux2014_aarch64.whl", hash = "sha256:fd7f6999a8070df521b6384004ef42833b9bd62cfee11a09bda1079b4b704247"},
    {file = "PyYAML-5.4.1-cp38-cp38-manylinux2014_s390x.whl", hash = "sha256:bfb51918d4ff3d77c1c856a9699f8492c612cde32fd3bcd344af9be34999bfdc"},
    {file = "PyYAML-5.4.1-cp38-cp38-win32.whl", hash = "sha256:fa5ae20527d8e831e8230cbffd9f8fe952815b2b7dae6ffec25318803a7528fc"},
    {file = "PyYAML-5.4.1-cp38-cp38-win_amd64.whl", hash = "sha256:0f5f5786c0e09baddcd8b4b45f20a7b5d61a7e7e99846e3c799b05c7c53fa696"},
    {file = "PyYAML-5.4.1-cp39-cp39-macosx_10_9_x86_64.whl", hash = "sha256:294db365efa064d00b8d1ef65d8ea2c3426ac366c0c4368d930bf1c5fb497f77"},
    {file = "PyYAML-5.4.1-cp39-cp39-manylinux1_x86_64.whl", hash = "sha256:74c1485f7707cf707a7aef42ef6322b8f97921bd89be2ab6317fd782c2d53183"},
    {file = "PyYAML-5.4.1-cp39-cp39-manylinux2014_aarch64.whl", hash = "sha256:d483ad4e639292c90170eb6f7783ad19490e7a8defb3e46f97dfe4bacae89122"},
    {file = "PyYAML-5.4.1-cp39-cp39-manylinux2014_s390x.whl", hash = "sha256:fdc842473cd33f45ff6bce46aea678a54e3d21f1b61a7750ce3c498eedfe25d6"},
    {file = "PyYAML-5.4.1-cp39-cp39-win32.whl", hash = "sha256:49d4cdd9065b9b6e206d0595fee27a96b5dd22618e7520c33204a4a3239d5b10"},
    {file = "PyYAML-5.4.1-cp39-cp39-win_amd64.whl", hash = "sha256:c20cfa2d49991c8b4147af39859b167664f2ad4561704ee74c1de03318e898db"},
    {file = "PyYAML-5.4.1.tar.gz", hash = "sha256:607774cbba28732bfa802b54baa7484215f530991055bb562efbed5b2f20a45e"},
]
six = [
    {file = "six-1.15.0-py2.py3-none-any.whl", hash = "sha256:8b74bedcbbbaca38ff6d7491d76f2b06b3592611af620f8426e82dddb04a5ced"},
    {file = "six-1.15.0.tar.gz", hash = "sha256:30639c035cdb23534cd4aa2dd52c3bf48f06e5f4a941509c8bafd8ce11080259"},
]
typer = [
    {file = "typer-0.3.2-py3-none-any.whl", hash = "sha256:ba58b920ce851b12a2d790143009fa00ac1d05b3ff3257061ff69dbdfc3d161b"},
    {file = "typer-0.3.2.tar.gz", hash = "sha256:5455d750122cff96745b0dec87368f56d023725a7ebc9d2e54dd23dc86816303"},
]
wcwidth = [
    {file = "wcwidth-0.2.5-py2.py3-none-any.whl", hash = "sha256:beb4802a9cebb9144e99086eff703a642a13d6a0052920003a230f3294bbe784"},
    {file = "wcwidth-0.2.5.tar.gz", hash = "sha256:c4d647b99872929fdb7bdcaa4fbe7f01413ed3d98077df798530e5b04f116c83"},
]
